{
  "originHash" : "a08f03daab35b8f7507ca65780b4f81a6c769a919ddc774d6b23068f0303d017",
  "pins" : [
    {
      "identity" : "textfieldeffects",
      "kind" : "remoteSourceControl",
      "location" : "https://github.com/raulriera/TextFieldEffects",
      "state" : {
        "revision" : "7e563d4d6d755bb1ab6c1c049f8c215d7c489100",
        "version" : "1.7.0"
      }
    }
  ],
  "version" : 3
}
