// !$*UTF8*$!
{
	archiveVersion = 1;
	classes = {
	};
	objectVersion = 56;
	objects = {

/* Begin PBXBuildFile section */
		7E149DB12D7863A60095DAE3 /* City.swift in Sources */ = {isa = PBXBuildFile; fileRef = 7E149DB02D78638F0095DAE3 /* City.swift */; };
		7E1F5D5F2D7273E30000D990 /* RegisterViewController.swift in Sources */ = {isa = PBXBuildFile; fileRef = 7E1F5D5E2D7273CA0000D990 /* RegisterViewController.swift */; };
		7E2868FA2D71EE1A00C5F46D /* GoogleService-Info.plist in Resources */ = {isa = PBXBuildFile; fileRef = 7E2868F92D71EE1A00C5F46D /* GoogleService-Info.plist */; };
		7E2869092D71F1CE00C5F46D /* Order.swift in Sources */ = {isa = PBXBuildFile; fileRef = 7E2869082D71F1CC00C5F46D /* Order.swift */; };
		7E28691B2D72002700C5F46D /* LoadingIndicator.swift in Sources */ = {isa = PBXBuildFile; fileRef = 7E28691A2D72002100C5F46D /* LoadingIndicator.swift */; };
		7E28691E2D72005900C5F46D /* NVActivityIndicatorView in Frameworks */ = {isa = PBXBuildFile; productRef = 7E28691D2D72005900C5F46D /* NVActivityIndicatorView */; };
		7E2869202D72005900C5F46D /* NVActivityIndicatorViewExtended in Frameworks */ = {isa = PBXBuildFile; productRef = 7E28691F2D72005900C5F46D /* NVActivityIndicatorViewExtended */; };
		7E52053B2D6F358900650F4C /* JVFloatLabeledTextField in Frameworks */ = {isa = PBXBuildFile; productRef = 7E52053A2D6F358900650F4C /* JVFloatLabeledTextField */; };
		7E652CF42D0711C000137ECA /* AppDelegate.swift in Sources */ = {isa = PBXBuildFile; fileRef = 7E652CF32D0711C000137ECA /* AppDelegate.swift */; };
		7E652CF62D0711C000137ECA /* SceneDelegate.swift in Sources */ = {isa = PBXBuildFile; fileRef = 7E652CF52D0711C000137ECA /* SceneDelegate.swift */; };
		7E652CF82D0711C000137ECA /* HomeViewController.swift in Sources */ = {isa = PBXBuildFile; fileRef = 7E652CF72D0711C000137ECA /* HomeViewController.swift */; };
		7E652CFB2D0711C000137ECA /* Base in Resources */ = {isa = PBXBuildFile; fileRef = 7E652CFA2D0711C000137ECA /* Base */; };
		7E652D002D0711C100137ECA /* Base in Resources */ = {isa = PBXBuildFile; fileRef = 7E652CFF2D0711C100137ECA /* Base */; };
		7E652D132D07218400137ECA /* ProductTableViewCell.swift in Sources */ = {isa = PBXBuildFile; fileRef = 7E652D112D07218400137ECA /* ProductTableViewCell.swift */; };
		7E652D142D07218400137ECA /* ProductTableViewCell.xib in Resources */ = {isa = PBXBuildFile; fileRef = 7E652D122D07218400137ECA /* ProductTableViewCell.xib */; };
		7E7666B62D59AFCE000F808F /* Cloudinary in Frameworks */ = {isa = PBXBuildFile; productRef = 7E7666B52D59AFCE000F808F /* Cloudinary */; };
		7E78EC392D08353C001A3782 /* UIViewController+Extension.swift in Sources */ = {isa = PBXBuildFile; fileRef = 7E78EC382D08353C001A3782 /* UIViewController+Extension.swift */; };
		7E847A102D19ECED00D1DE23 /* Product.swift in Sources */ = {isa = PBXBuildFile; fileRef = 7E847A0F2D19ECED00D1DE23 /* Product.swift */; };
		7E847A122D19ED7700D1DE23 /* HomeViewModel.swift in Sources */ = {isa = PBXBuildFile; fileRef = 7E847A112D19ED7700D1DE23 /* HomeViewModel.swift */; };
		7E847A202D1B60CC00D1DE23 /* ProductManageViewController.swift in Sources */ = {isa = PBXBuildFile; fileRef = 7E847A1F2D1B60CC00D1DE23 /* ProductManageViewController.swift */; };
		7E9014BC2D73A37A0005572A /* Restaurant.swift in Sources */ = {isa = PBXBuildFile; fileRef = 7E9014BB2D73A36A0005572A /* Restaurant.swift */; };
		7E9014C12D73AAB50005572A /* RegisterViewModel.swift in Sources */ = {isa = PBXBuildFile; fileRef = 7E9014C02D73AAA90005572A /* RegisterViewModel.swift */; };
		7E9642022D70617700176FAA /* Assets.xcassets in Resources */ = {isa = PBXBuildFile; fileRef = 7E9642012D70617700176FAA /* Assets.xcassets */; };
		7EA0AF772D6F3A66004F4499 /* EasyTipView in Frameworks */ = {isa = PBXBuildFile; productRef = 7EA0AF762D6F3A66004F4499 /* EasyTipView */; };
		7EA0AF7B2D6F42EB004F4499 /* ProductManageViewController+EastTipView.swift in Sources */ = {isa = PBXBuildFile; fileRef = 7EA0AF7A2D6F42D9004F4499 /* ProductManageViewController+EastTipView.swift */; };
		7EA0AF7D2D6F4572004F4499 /* ProductManageViewController+TextField.swift in Sources */ = {isa = PBXBuildFile; fileRef = 7EA0AF7C2D6F4567004F4499 /* ProductManageViewController+TextField.swift */; };
		7EA0AF7F2D6F45E1004F4499 /* ProductManageViewController+Picker.swift in Sources */ = {isa = PBXBuildFile; fileRef = 7EA0AF7E2D6F45D8004F4499 /* ProductManageViewController+Picker.swift */; };
		7EA0AF822D6F4751004F4499 /* NetworkManager.swift in Sources */ = {isa = PBXBuildFile; fileRef = 7EA0AF812D6F474F004F4499 /* NetworkManager.swift */; };
		7EA0AF842D6F4782004F4499 /* NetworkHelper.swift in Sources */ = {isa = PBXBuildFile; fileRef = 7EA0AF832D6F477F004F4499 /* NetworkHelper.swift */; };
		7EA0AF882D6F5237004F4499 /* Alert.swift in Sources */ = {isa = PBXBuildFile; fileRef = 7EA0AF872D6F5235004F4499 /* Alert.swift */; };
		7EA0AF8A2D6F573F004F4499 /* BottomSheetViewController+TableView.swift in Sources */ = {isa = PBXBuildFile; fileRef = 7EA0AF892D6F5734004F4499 /* BottomSheetViewController+TableView.swift */; };
		7EA0AF8E2D6F6848004F4499 /* LineView.swift in Sources */ = {isa = PBXBuildFile; fileRef = 7EA0AF8D2D6F6845004F4499 /* LineView.swift */; };
		7EB2D3A12D74DC4A00CFF13E /* LoginViewModel.swift in Sources */ = {isa = PBXBuildFile; fileRef = 7EB2D3A02D74DC3A00CFF13E /* LoginViewModel.swift */; };
		7EB2D3A32D74DC5E00CFF13E /* LoginViewController.swift in Sources */ = {isa = PBXBuildFile; fileRef = 7EB2D3A22D74DC5700CFF13E /* LoginViewController.swift */; };
		7EB2D3A52D74E0D200CFF13E /* UserLogin.swift in Sources */ = {isa = PBXBuildFile; fileRef = 7EB2D3A42D74E0C600CFF13E /* UserLogin.swift */; };
		7EB852AE2D0DD3EA009FAC62 /* ProductManageViewModel.swift in Sources */ = {isa = PBXBuildFile; fileRef = 7EB852AD2D0DD3EA009FAC62 /* ProductManageViewModel.swift */; };
		7EBED5E12D077BAB00E7CACB /* HomeViewController+TableView.swift in Sources */ = {isa = PBXBuildFile; fileRef = 7EBED5E02D077BAB00E7CACB /* HomeViewController+TableView.swift */; };
		7EBED5E32D07837F00E7CACB /* UIView+Extension.swift in Sources */ = {isa = PBXBuildFile; fileRef = 7EBED5E22D07837F00E7CACB /* UIView+Extension.swift */; };
		7EC6CCCA2D760F6000316926 /* MapDetailViewController.swift in Sources */ = {isa = PBXBuildFile; fileRef = 7EC6CCC92D760F6000316926 /* MapDetailViewController.swift */; };
		7EC6CCCC2D760FAF00316926 /* MapDetailViewModel.swift in Sources */ = {isa = PBXBuildFile; fileRef = 7EC6CCCB2D760FAF00316926 /* MapDetailViewModel.swift */; };
		7EC6CCD62D775BCB00316926 /* FirebaseAuth in Frameworks */ = {isa = PBXBuildFile; productRef = 7EC6CCD52D775BCB00316926 /* FirebaseAuth */; };
		7EC6CCD82D775BCB00316926 /* FirebaseCore in Frameworks */ = {isa = PBXBuildFile; productRef = 7EC6CCD72D775BCB00316926 /* FirebaseCore */; };
		7EC6CCDA2D775BCB00316926 /* FirebaseDatabase in Frameworks */ = {isa = PBXBuildFile; productRef = 7EC6CCD92D775BCB00316926 /* FirebaseDatabase */; };
		7EC6CCDC2D775BCB00316926 /* FirebaseFirestore in Frameworks */ = {isa = PBXBuildFile; productRef = 7EC6CCDB2D775BCB00316926 /* FirebaseFirestore */; };
		7EC6CCDE2D775BCB00316926 /* FirebaseStorage in Frameworks */ = {isa = PBXBuildFile; productRef = 7EC6CCDD2D775BCB00316926 /* FirebaseStorage */; };
		7EC772F12D75E60700846090 /* MapViewModel.swift in Sources */ = {isa = PBXBuildFile; fileRef = 7EC772F02D75E5FD00846090 /* MapViewModel.swift */; };
		7EC772F62D75E85000846090 /* MapViewController.swift in Sources */ = {isa = PBXBuildFile; fileRef = 7EC772F52D75E85000846090 /* MapViewController.swift */; };
		7ECF12532D79CD530062F6DA /* BorderAndShadow.swift in Sources */ = {isa = PBXBuildFile; fileRef = 7ECF12522D79CD3E0062F6DA /* BorderAndShadow.swift */; };
		7ECF12552D79D3D80062F6DA /* MapDetailViewController+TableView.swift in Sources */ = {isa = PBXBuildFile; fileRef = 7ECF12542D79D3C80062F6DA /* MapDetailViewController+TableView.swift */; };
		7ECF12572D79D4530062F6DA /* DropDownCell.swift in Sources */ = {isa = PBXBuildFile; fileRef = 7ECF12562D79D44B0062F6DA /* DropDownCell.swift */; };
		7ECF125A2D79E15C0062F6DA /* CityDistrict.json in Resources */ = {isa = PBXBuildFile; fileRef = 7ECF12582D79DDB70062F6DA /* CityDistrict.json */; };
		7ED81A032D4BD37800E4F272 /* BottomSheetViewModel.swift in Sources */ = {isa = PBXBuildFile; fileRef = 7ED81A022D4BD37800E4F272 /* BottomSheetViewModel.swift */; };
		7ED81A052D4BD3F900E4F272 /* BottomSheetViewController.swift in Sources */ = {isa = PBXBuildFile; fileRef = 7ED81A042D4BD3F900E4F272 /* BottomSheetViewController.swift */; };
		7EDDC4652D75BE6F004085F4 /* HiddenPassword+UITextField.swift in Sources */ = {isa = PBXBuildFile; fileRef = 7EDDC4642D75BE4F004085F4 /* HiddenPassword+UITextField.swift */; };
		7EF612D22D518CC2003B1DF1 /* Kingfisher in Frameworks */ = {isa = PBXBuildFile; productRef = 7EF612D12D518CC2003B1DF1 /* Kingfisher */; };
/* End PBXBuildFile section */

/* Begin PBXFileReference section */
		7E149DB02D78638F0095DAE3 /* City.swift */ = {isa = PBXFileReference; lastKnownFileType = sourcecode.swift; path = City.swift; sourceTree = "<group>"; };
		7E1F5D5E2D7273CA0000D990 /* RegisterViewController.swift */ = {isa = PBXFileReference; lastKnownFileType = sourcecode.swift; path = RegisterViewController.swift; sourceTree = "<group>"; };
		7E2868F92D71EE1A00C5F46D /* GoogleService-Info.plist */ = {isa = PBXFileReference; lastKnownFileType = text.plist.xml; path = "GoogleService-Info.plist"; sourceTree = "<group>"; };
		7E2869082D71F1CC00C5F46D /* Order.swift */ = {isa = PBXFileReference; lastKnownFileType = sourcecode.swift; path = Order.swift; sourceTree = "<group>"; };
		7E28691A2D72002100C5F46D /* LoadingIndicator.swift */ = {isa = PBXFileReference; lastKnownFileType = sourcecode.swift; path = LoadingIndicator.swift; sourceTree = "<group>"; };
		7E652CF02D0711C000137ECA /* CheapEatsRestaurantApp.app */ = {isa = PBXFileReference; explicitFileType = wrapper.application; includeInIndex = 0; path = CheapEatsRestaurantApp.app; sourceTree = BUILT_PRODUCTS_DIR; };
		7E652CF32D0711C000137ECA /* AppDelegate.swift */ = {isa = PBXFileReference; lastKnownFileType = sourcecode.swift; path = AppDelegate.swift; sourceTree = "<group>"; };
		7E652CF52D0711C000137ECA /* SceneDelegate.swift */ = {isa = PBXFileReference; lastKnownFileType = sourcecode.swift; path = SceneDelegate.swift; sourceTree = "<group>"; };
		7E652CF72D0711C000137ECA /* HomeViewController.swift */ = {isa = PBXFileReference; lastKnownFileType = sourcecode.swift; path = HomeViewController.swift; sourceTree = "<group>"; };
		7E652CFA2D0711C000137ECA /* Base */ = {isa = PBXFileReference; lastKnownFileType = file.storyboard; name = Base; path = Base.lproj/Main.storyboard; sourceTree = "<group>"; };
		7E652CFF2D0711C100137ECA /* Base */ = {isa = PBXFileReference; lastKnownFileType = file.storyboard; name = Base; path = Base.lproj/LaunchScreen.storyboard; sourceTree = "<group>"; };
		7E652D012D0711C100137ECA /* Info.plist */ = {isa = PBXFileReference; lastKnownFileType = text.plist.xml; path = Info.plist; sourceTree = "<group>"; };
		7E652D112D07218400137ECA /* ProductTableViewCell.swift */ = {isa = PBXFileReference; lastKnownFileType = sourcecode.swift; path = ProductTableViewCell.swift; sourceTree = "<group>"; };
		7E652D122D07218400137ECA /* ProductTableViewCell.xib */ = {isa = PBXFileReference; lastKnownFileType = file.xib; path = ProductTableViewCell.xib; sourceTree = "<group>"; };
		7E78EC382D08353C001A3782 /* UIViewController+Extension.swift */ = {isa = PBXFileReference; lastKnownFileType = sourcecode.swift; path = "UIViewController+Extension.swift"; sourceTree = "<group>"; };
		7E847A0F2D19ECED00D1DE23 /* Product.swift */ = {isa = PBXFileReference; lastKnownFileType = sourcecode.swift; path = Product.swift; sourceTree = "<group>"; };
		7E847A112D19ED7700D1DE23 /* HomeViewModel.swift */ = {isa = PBXFileReference; lastKnownFileType = sourcecode.swift; path = HomeViewModel.swift; sourceTree = "<group>"; };
		7E847A1F2D1B60CC00D1DE23 /* ProductManageViewController.swift */ = {isa = PBXFileReference; lastKnownFileType = sourcecode.swift; path = ProductManageViewController.swift; sourceTree = "<group>"; };
		7E9014BB2D73A36A0005572A /* Restaurant.swift */ = {isa = PBXFileReference; lastKnownFileType = sourcecode.swift; path = Restaurant.swift; sourceTree = "<group>"; };
		7E9014C02D73AAA90005572A /* RegisterViewModel.swift */ = {isa = PBXFileReference; lastKnownFileType = sourcecode.swift; path = RegisterViewModel.swift; sourceTree = "<group>"; };
		7E9642012D70617700176FAA /* Assets.xcassets */ = {isa = PBXFileReference; lastKnownFileType = folder.assetcatalog; path = Assets.xcassets; sourceTree = "<group>"; };
		7EA0AF7A2D6F42D9004F4499 /* ProductManageViewController+EastTipView.swift */ = {isa = PBXFileReference; lastKnownFileType = sourcecode.swift; path = "ProductManageViewController+EastTipView.swift"; sourceTree = "<group>"; };
		7EA0AF7C2D6F4567004F4499 /* ProductManageViewController+TextField.swift */ = {isa = PBXFileReference; lastKnownFileType = sourcecode.swift; path = "ProductManageViewController+TextField.swift"; sourceTree = "<group>"; };
		7EA0AF7E2D6F45D8004F4499 /* ProductManageViewController+Picker.swift */ = {isa = PBXFileReference; lastKnownFileType = sourcecode.swift; path = "ProductManageViewController+Picker.swift"; sourceTree = "<group>"; };
		7EA0AF812D6F474F004F4499 /* NetworkManager.swift */ = {isa = PBXFileReference; lastKnownFileType = sourcecode.swift; path = NetworkManager.swift; sourceTree = "<group>"; };
		7EA0AF832D6F477F004F4499 /* NetworkHelper.swift */ = {isa = PBXFileReference; lastKnownFileType = sourcecode.swift; path = NetworkHelper.swift; sourceTree = "<group>"; };
		7EA0AF872D6F5235004F4499 /* Alert.swift */ = {isa = PBXFileReference; lastKnownFileType = sourcecode.swift; path = Alert.swift; sourceTree = "<group>"; };
		7EA0AF892D6F5734004F4499 /* BottomSheetViewController+TableView.swift */ = {isa = PBXFileReference; lastKnownFileType = sourcecode.swift; path = "BottomSheetViewController+TableView.swift"; sourceTree = "<group>"; };
		7EA0AF8D2D6F6845004F4499 /* LineView.swift */ = {isa = PBXFileReference; lastKnownFileType = sourcecode.swift; path = LineView.swift; sourceTree = "<group>"; };
		7EB2D3A02D74DC3A00CFF13E /* LoginViewModel.swift */ = {isa = PBXFileReference; lastKnownFileType = sourcecode.swift; path = LoginViewModel.swift; sourceTree = "<group>"; };
		7EB2D3A22D74DC5700CFF13E /* LoginViewController.swift */ = {isa = PBXFileReference; lastKnownFileType = sourcecode.swift; path = LoginViewController.swift; sourceTree = "<group>"; };
		7EB2D3A42D74E0C600CFF13E /* UserLogin.swift */ = {isa = PBXFileReference; lastKnownFileType = sourcecode.swift; path = UserLogin.swift; sourceTree = "<group>"; };
		7EB852AD2D0DD3EA009FAC62 /* ProductManageViewModel.swift */ = {isa = PBXFileReference; lastKnownFileType = sourcecode.swift; path = ProductManageViewModel.swift; sourceTree = "<group>"; };
		7EBED5E02D077BAB00E7CACB /* HomeViewController+TableView.swift */ = {isa = PBXFileReference; lastKnownFileType = sourcecode.swift; path = "HomeViewController+TableView.swift"; sourceTree = "<group>"; };
		7EBED5E22D07837F00E7CACB /* UIView+Extension.swift */ = {isa = PBXFileReference; lastKnownFileType = sourcecode.swift; path = "UIView+Extension.swift"; sourceTree = "<group>"; };
		7EC6CCC92D760F6000316926 /* MapDetailViewController.swift */ = {isa = PBXFileReference; lastKnownFileType = sourcecode.swift; path = MapDetailViewController.swift; sourceTree = "<group>"; };
		7EC6CCCB2D760FAF00316926 /* MapDetailViewModel.swift */ = {isa = PBXFileReference; lastKnownFileType = sourcecode.swift; path = MapDetailViewModel.swift; sourceTree = "<group>"; };
		7EC772F02D75E5FD00846090 /* MapViewModel.swift */ = {isa = PBXFileReference; lastKnownFileType = sourcecode.swift; path = MapViewModel.swift; sourceTree = "<group>"; };
		7EC772F52D75E85000846090 /* MapViewController.swift */ = {isa = PBXFileReference; lastKnownFileType = sourcecode.swift; path = MapViewController.swift; sourceTree = "<group>"; };
		7ECF12522D79CD3E0062F6DA /* BorderAndShadow.swift */ = {isa = PBXFileReference; lastKnownFileType = sourcecode.swift; path = BorderAndShadow.swift; sourceTree = "<group>"; };
		7ECF12542D79D3C80062F6DA /* MapDetailViewController+TableView.swift */ = {isa = PBXFileReference; lastKnownFileType = sourcecode.swift; path = "MapDetailViewController+TableView.swift"; sourceTree = "<group>"; };
		7ECF12562D79D44B0062F6DA /* DropDownCell.swift */ = {isa = PBXFileReference; lastKnownFileType = sourcecode.swift; path = DropDownCell.swift; sourceTree = "<group>"; };
		7ECF12582D79DDB70062F6DA /* CityDistrict.json */ = {isa = PBXFileReference; lastKnownFileType = text.json; path = CityDistrict.json; sourceTree = "<group>"; };
		7ED81A022D4BD37800E4F272 /* BottomSheetViewModel.swift */ = {isa = PBXFileReference; lastKnownFileType = sourcecode.swift; path = BottomSheetViewModel.swift; sourceTree = "<group>"; };
		7ED81A042D4BD3F900E4F272 /* BottomSheetViewController.swift */ = {isa = PBXFileReference; lastKnownFileType = sourcecode.swift; path = BottomSheetViewController.swift; sourceTree = "<group>"; };
		7EDDC4642D75BE4F004085F4 /* HiddenPassword+UITextField.swift */ = {isa = PBXFileReference; lastKnownFileType = sourcecode.swift; path = "HiddenPassword+UITextField.swift"; sourceTree = "<group>"; };
/* End PBXFileReference section */

/* Begin PBXFrameworksBuildPhase section */
		7E652CED2D0711C000137ECA /* Frameworks */ = {
			isa = PBXFrameworksBuildPhase;
			buildActionMask = 2147483647;
			files = (
				7E2869202D72005900C5F46D /* NVActivityIndicatorViewExtended in Frameworks */,
				7E7666B62D59AFCE000F808F /* Cloudinary in Frameworks */,
				7EA0AF772D6F3A66004F4499 /* EasyTipView in Frameworks */,
				7EC6CCDC2D775BCB00316926 /* FirebaseFirestore in Frameworks */,
				7EF612D22D518CC2003B1DF1 /* Kingfisher in Frameworks */,
				7E28691E2D72005900C5F46D /* NVActivityIndicatorView in Frameworks */,
				7EC6CCD62D775BCB00316926 /* FirebaseAuth in Frameworks */,
				7EC6CCDA2D775BCB00316926 /* FirebaseDatabase in Frameworks */,
				7EC6CCDE2D775BCB00316926 /* FirebaseStorage in Frameworks */,
				7EC6CCD82D775BCB00316926 /* FirebaseCore in Frameworks */,
				7E52053B2D6F358900650F4C /* JVFloatLabeledTextField in Frameworks */,
			);
			runOnlyForDeploymentPostprocessing = 0;
		};
/* End PBXFrameworksBuildPhase section */

/* Begin PBXGroup section */
		7E445D092D38024E00BEDD0C /* Model */ = {
			isa = PBXGroup;
			children = (
				7E149DB02D78638F0095DAE3 /* City.swift */,
				7EB2D3A42D74E0C600CFF13E /* UserLogin.swift */,
				7E9014BB2D73A36A0005572A /* Restaurant.swift */,
				7E2869082D71F1CC00C5F46D /* Order.swift */,
				7E847A0F2D19ECED00D1DE23 /* Product.swift */,
			);
			path = Model;
			sourceTree = "<group>";
		};
		7E445D0A2D3802C700BEDD0C /* SubView */ = {
			isa = PBXGroup;
			children = (
				7ECF12562D79D44B0062F6DA /* DropDownCell.swift */,
				7E652D112D07218400137ECA /* ProductTableViewCell.swift */,
				7E652D122D07218400137ECA /* ProductTableViewCell.xib */,
			);
			path = SubView;
			sourceTree = "<group>";
		};
		7E445D0B2D3802FB00BEDD0C /* ViewModel */ = {
			isa = PBXGroup;
			children = (
				7EC6CCD02D76519A00316926 /* User */,
				7EC6CCCD2D760FB900316926 /* Map */,
				7E847A112D19ED7700D1DE23 /* HomeViewModel.swift */,
				7EB852AD2D0DD3EA009FAC62 /* ProductManageViewModel.swift */,
				7ED81A022D4BD37800E4F272 /* BottomSheetViewModel.swift */,
			);
			path = ViewModel;
			sourceTree = "<group>";
		};
		7E445D132D38055900BEDD0C /* Extension */ = {
			isa = PBXGroup;
			children = (
				7EDDC4642D75BE4F004085F4 /* HiddenPassword+UITextField.swift */,
				7EA0AF872D6F5235004F4499 /* Alert.swift */,
				7EBED5E22D07837F00E7CACB /* UIView+Extension.swift */,
				7E78EC382D08353C001A3782 /* UIViewController+Extension.swift */,
			);
			path = Extension;
			sourceTree = "<group>";
		};
		7E652CE72D0711C000137ECA = {
			isa = PBXGroup;
			children = (
				7E652CF22D0711C000137ECA /* CheapEatsRestaurantApp */,
				7E652CF12D0711C000137ECA /* Products */,
			);
			sourceTree = "<group>";
		};
		7E652CF12D0711C000137ECA /* Products */ = {
			isa = PBXGroup;
			children = (
				7E652CF02D0711C000137ECA /* CheapEatsRestaurantApp.app */,
			);
			name = Products;
			sourceTree = "<group>";
		};
		7E652CF22D0711C000137ECA /* CheapEatsRestaurantApp */ = {
			isa = PBXGroup;
			children = (
				7E652D072D0715CB00137ECA /* Core */,
				7E652D082D0716BA00137ECA /* Feature */,
				7E652CF92D0711C000137ECA /* Main.storyboard */,
				7E2868F92D71EE1A00C5F46D /* GoogleService-Info.plist */,
				7E652D012D0711C100137ECA /* Info.plist */,
			);
			path = CheapEatsRestaurantApp;
			sourceTree = "<group>";
		};
		7E652D072D0715CB00137ECA /* Core */ = {
			isa = PBXGroup;
			children = (
				7E652CF32D0711C000137ECA /* AppDelegate.swift */,
				7E652CF52D0711C000137ECA /* SceneDelegate.swift */,
				7E652CFE2D0711C100137ECA /* LaunchScreen.storyboard */,
				7E9642012D70617700176FAA /* Assets.xcassets */,
			);
			path = Core;
			sourceTree = "<group>";
		};
		7E652D082D0716BA00137ECA /* Feature */ = {
			isa = PBXGroup;
			children = (
				7EA0AF8C2D6F683F004F4499 /* Design */,
				7EA0AF802D6F4744004F4499 /* Network Layer */,
				7E445D132D38055900BEDD0C /* Extension */,
				7E445D092D38024E00BEDD0C /* Model */,
				7E652D0C2D07177E00137ECA /* View */,
				7E445D0B2D3802FB00BEDD0C /* ViewModel */,
			);
			path = Feature;
			sourceTree = "<group>";
		};
		7E652D0C2D07177E00137ECA /* View */ = {
			isa = PBXGroup;
			children = (
				7EC772F22D75E61800846090 /* Map */,
				7E9014BE2D73AA650005572A /* User */,
				7E445D0A2D3802C700BEDD0C /* SubView */,
				7EA0AF782D6F41DD004F4499 /* Home */,
				7EA0AF792D6F4280004F4499 /* Product Manage */,
			);
			path = View;
			sourceTree = "<group>";
		};
		7E9014BE2D73AA650005572A /* User */ = {
			isa = PBXGroup;
			children = (
				7EB2D3A22D74DC5700CFF13E /* LoginViewController.swift */,
				7E1F5D5E2D7273CA0000D990 /* RegisterViewController.swift */,
			);
			path = User;
			sourceTree = "<group>";
		};
		7EA0AF782D6F41DD004F4499 /* Home */ = {
			isa = PBXGroup;
			children = (
				7E652CF72D0711C000137ECA /* HomeViewController.swift */,
				7EBED5E02D077BAB00E7CACB /* HomeViewController+TableView.swift */,
			);
			path = Home;
			sourceTree = "<group>";
		};
		7EA0AF792D6F4280004F4499 /* Product Manage */ = {
			isa = PBXGroup;
			children = (
				7EA0AF7E2D6F45D8004F4499 /* ProductManageViewController+Picker.swift */,
				7EA0AF7C2D6F4567004F4499 /* ProductManageViewController+TextField.swift */,
				7EA0AF7A2D6F42D9004F4499 /* ProductManageViewController+EastTipView.swift */,
				7E847A1F2D1B60CC00D1DE23 /* ProductManageViewController.swift */,
				7EA0AF8B2D6F58FD004F4499 /* BottomSheet */,
			);
			path = "Product Manage";
			sourceTree = "<group>";
		};
		7EA0AF802D6F4744004F4499 /* Network Layer */ = {
			isa = PBXGroup;
			children = (
				7ECF12592D79DDDC0062F6DA /* Data */,
				7EA0AF832D6F477F004F4499 /* NetworkHelper.swift */,
				7EA0AF812D6F474F004F4499 /* NetworkManager.swift */,
			);
			path = "Network Layer";
			sourceTree = "<group>";
		};
		7EA0AF8B2D6F58FD004F4499 /* BottomSheet */ = {
			isa = PBXGroup;
			children = (
				7ED81A042D4BD3F900E4F272 /* BottomSheetViewController.swift */,
				7EA0AF892D6F5734004F4499 /* BottomSheetViewController+TableView.swift */,
			);
			path = BottomSheet;
			sourceTree = "<group>";
		};
		7EA0AF8C2D6F683F004F4499 /* Design */ = {
			isa = PBXGroup;
			children = (
				7ECF12522D79CD3E0062F6DA /* BorderAndShadow.swift */,
				7E28691A2D72002100C5F46D /* LoadingIndicator.swift */,
				7EA0AF8D2D6F6845004F4499 /* LineView.swift */,
			);
			path = Design;
			sourceTree = "<group>";
		};
		7EC6CCCD2D760FB900316926 /* Map */ = {
			isa = PBXGroup;
			children = (
				7EC772F02D75E5FD00846090 /* MapViewModel.swift */,
				7EC6CCCB2D760FAF00316926 /* MapDetailViewModel.swift */,
			);
			path = Map;
			sourceTree = "<group>";
		};
		7EC6CCD02D76519A00316926 /* User */ = {
			isa = PBXGroup;
			children = (
				7EB2D3A02D74DC3A00CFF13E /* LoginViewModel.swift */,
				7E9014C02D73AAA90005572A /* RegisterViewModel.swift */,
			);
			path = User;
			sourceTree = "<group>";
		};
		7EC772F22D75E61800846090 /* Map */ = {
			isa = PBXGroup;
			children = (
				7ECF12542D79D3C80062F6DA /* MapDetailViewController+TableView.swift */,
				7EC772F52D75E85000846090 /* MapViewController.swift */,
				7EC6CCC92D760F6000316926 /* MapDetailViewController.swift */,
			);
			path = Map;
			sourceTree = "<group>";
		};
		7ECF12592D79DDDC0062F6DA /* Data */ = {
			isa = PBXGroup;
			children = (
				7ECF12582D79DDB70062F6DA /* CityDistrict.json */,
			);
			path = Data;
			sourceTree = "<group>";
		};
/* End PBXGroup section */

/* Begin PBXNativeTarget section */
		7E652CEF2D0711C000137ECA /* CheapEatsRestaurantApp */ = {
			isa = PBXNativeTarget;
			buildConfigurationList = 7E652D042D0711C100137ECA /* Build configuration list for PBXNativeTarget "CheapEatsRestaurantApp" */;
			buildPhases = (
				7E652CEC2D0711C000137ECA /* Sources */,
				7E652CED2D0711C000137ECA /* Frameworks */,
				7E652CEE2D0711C000137ECA /* Resources */,
			);
			buildRules = (
			);
			dependencies = (
			);
			name = CheapEatsRestaurantApp;
			packageProductDependencies = (
				7EF612D12D518CC2003B1DF1 /* Kingfisher */,
				7E7666B52D59AFCE000F808F /* Cloudinary */,
				7E52053A2D6F358900650F4C /* JVFloatLabeledTextField */,
				7EA0AF762D6F3A66004F4499 /* EasyTipView */,
				7E28691D2D72005900C5F46D /* NVActivityIndicatorView */,
				7E28691F2D72005900C5F46D /* NVActivityIndicatorViewExtended */,
				7EC6CCD52D775BCB00316926 /* FirebaseAuth */,
				7EC6CCD72D775BCB00316926 /* FirebaseCore */,
				7EC6CCD92D775BCB00316926 /* FirebaseDatabase */,
				7EC6CCDB2D775BCB00316926 /* FirebaseFirestore */,
				7EC6CCDD2D775BCB00316926 /* FirebaseStorage */,
			);
			productName = CheapEatsRestaurantApp;
			productReference = 7E652CF02D0711C000137ECA /* CheapEatsRestaurantApp.app */;
			productType = "com.apple.product-type.application";
		};
/* End PBXNativeTarget section */

/* Begin PBXProject section */
		7E652CE82D0711C000137ECA /* Project object */ = {
			isa = PBXProject;
			attributes = {
				BuildIndependentTargetsInParallel = 1;
				LastSwiftUpdateCheck = 1540;
				LastUpgradeCheck = 1540;
				TargetAttributes = {
					7E652CEF2D0711C000137ECA = {
						CreatedOnToolsVersion = 15.4;
					};
				};
			};
			buildConfigurationList = 7E652CEB2D0711C000137ECA /* Build configuration list for PBXProject "CheapEatsRestaurantApp" */;
			compatibilityVersion = "Xcode 14.0";
			developmentRegion = en;
			hasScannedForEncodings = 0;
			knownRegions = (
				en,
				Base,
			);
			mainGroup = 7E652CE72D0711C000137ECA;
			packageReferences = (
				7EF612D02D518CC2003B1DF1 /* XCRemoteSwiftPackageReference "Kingfisher" */,
				7E7666B42D59AFCE000F808F /* XCRemoteSwiftPackageReference "cloudinary_ios" */,
				7E5205392D6F358900650F4C /* XCRemoteSwiftPackageReference "JVFloatLabeledTextField" */,
				7EA0AF752D6F3A66004F4499 /* XCRemoteSwiftPackageReference "EasyTipView" */,
				7E28691C2D72005900C5F46D /* XCRemoteSwiftPackageReference "NVActivityIndicatorView" */,
				7EC6CCD42D775BCB00316926 /* XCRemoteSwiftPackageReference "firebase-ios-sdk" */,
			);
			productRefGroup = 7E652CF12D0711C000137ECA /* Products */;
			projectDirPath = "";
			projectRoot = "";
			targets = (
				7E652CEF2D0711C000137ECA /* CheapEatsRestaurantApp */,
			);
		};
/* End PBXProject section */

/* Begin PBXResourcesBuildPhase section */
		7E652CEE2D0711C000137ECA /* Resources */ = {
			isa = PBXResourcesBuildPhase;
			buildActionMask = 2147483647;
			files = (
				7E652D002D0711C100137ECA /* Base in Resources */,
				7E652CFB2D0711C000137ECA /* Base in Resources */,
				7E2868FA2D71EE1A00C5F46D /* GoogleService-Info.plist in Resources */,
				7E9642022D70617700176FAA /* Assets.xcassets in Resources */,
				7ECF125A2D79E15C0062F6DA /* CityDistrict.json in Resources */,
				7E652D142D07218400137ECA /* ProductTableViewCell.xib in Resources */,
			);
			runOnlyForDeploymentPostprocessing = 0;
		};
/* End PBXResourcesBuildPhase section */

/* Begin PBXSourcesBuildPhase section */
		7E652CEC2D0711C000137ECA /* Sources */ = {
			isa = PBXSourcesBuildPhase;
			buildActionMask = 2147483647;
			files = (
				7EC772F12D75E60700846090 /* MapViewModel.swift in Sources */,
				7EB2D3A32D74DC5E00CFF13E /* LoginViewController.swift in Sources */,
				7E28691B2D72002700C5F46D /* LoadingIndicator.swift in Sources */,
				7EBED5E32D07837F00E7CACB /* UIView+Extension.swift in Sources */,
				7E652D132D07218400137ECA /* ProductTableViewCell.swift in Sources */,
				7E9014BC2D73A37A0005572A /* Restaurant.swift in Sources */,
				7E149DB12D7863A60095DAE3 /* City.swift in Sources */,
				7EB852AE2D0DD3EA009FAC62 /* ProductManageViewModel.swift in Sources */,
				7ECF12572D79D4530062F6DA /* DropDownCell.swift in Sources */,
				7EA0AF7B2D6F42EB004F4499 /* ProductManageViewController+EastTipView.swift in Sources */,
				7E2869092D71F1CE00C5F46D /* Order.swift in Sources */,
				7EB2D3A52D74E0D200CFF13E /* UserLogin.swift in Sources */,
				7E1F5D5F2D7273E30000D990 /* RegisterViewController.swift in Sources */,
				7EB2D3A12D74DC4A00CFF13E /* LoginViewModel.swift in Sources */,
				7E652CF82D0711C000137ECA /* HomeViewController.swift in Sources */,
				7EA0AF8E2D6F6848004F4499 /* LineView.swift in Sources */,
				7EA0AF7F2D6F45E1004F4499 /* ProductManageViewController+Picker.swift in Sources */,
				7EC772F62D75E85000846090 /* MapViewController.swift in Sources */,
				7EBED5E12D077BAB00E7CACB /* HomeViewController+TableView.swift in Sources */,
				7EA0AF7D2D6F4572004F4499 /* ProductManageViewController+TextField.swift in Sources */,
				7E78EC392D08353C001A3782 /* UIViewController+Extension.swift in Sources */,
				7E847A202D1B60CC00D1DE23 /* ProductManageViewController.swift in Sources */,
				7EA0AF842D6F4782004F4499 /* NetworkHelper.swift in Sources */,
				7EA0AF822D6F4751004F4499 /* NetworkManager.swift in Sources */,
				7EDDC4652D75BE6F004085F4 /* HiddenPassword+UITextField.swift in Sources */,
				7ED81A032D4BD37800E4F272 /* BottomSheetViewModel.swift in Sources */,
				7E652CF42D0711C000137ECA /* AppDelegate.swift in Sources */,
				7ED81A052D4BD3F900E4F272 /* BottomSheetViewController.swift in Sources */,
				7EC6CCCC2D760FAF00316926 /* MapDetailViewModel.swift in Sources */,
				7EA0AF8A2D6F573F004F4499 /* BottomSheetViewController+TableView.swift in Sources */,
				7E9014C12D73AAB50005572A /* RegisterViewModel.swift in Sources */,
				7E652CF62D0711C000137ECA /* SceneDelegate.swift in Sources */,
				7ECF12532D79CD530062F6DA /* BorderAndShadow.swift in Sources */,
				7ECF12552D79D3D80062F6DA /* MapDetailViewController+TableView.swift in Sources */,
				7EC6CCCA2D760F6000316926 /* MapDetailViewController.swift in Sources */,
				7E847A122D19ED7700D1DE23 /* HomeViewModel.swift in Sources */,
				7EA0AF882D6F5237004F4499 /* Alert.swift in Sources */,
				7E847A102D19ECED00D1DE23 /* Product.swift in Sources */,
			);
			runOnlyForDeploymentPostprocessing = 0;
		};
/* End PBXSourcesBuildPhase section */

/* Begin PBXVariantGroup section */
		7E652CF92D0711C000137ECA /* Main.storyboard */ = {
			isa = PBXVariantGroup;
			children = (
				7E652CFA2D0711C000137ECA /* Base */,
			);
			name = Main.storyboard;
			sourceTree = "<group>";
		};
		7E652CFE2D0711C100137ECA /* LaunchScreen.storyboard */ = {
			isa = PBXVariantGroup;
			children = (
				7E652CFF2D0711C100137ECA /* Base */,
			);
			name = LaunchScreen.storyboard;
			sourceTree = "<group>";
		};
/* End PBXVariantGroup section */

/* Begin XCBuildConfiguration section */
		7E652D022D0711C100137ECA /* Debug */ = {
			isa = XCBuildConfiguration;
			buildSettings = {
				ALWAYS_SEARCH_USER_PATHS = NO;
				ASSETCATALOG_COMPILER_GENERATE_SWIFT_ASSET_SYMBOL_EXTENSIONS = YES;
				CLANG_ANALYZER_NONNULL = YES;
				CLANG_ANALYZER_NUMBER_OBJECT_CONVERSION = YES_AGGRESSIVE;
				CLANG_CXX_LANGUAGE_STANDARD = "gnu++20";
				CLANG_ENABLE_MODULES = YES;
				CLANG_ENABLE_OBJC_ARC = YES;
				CLANG_ENABLE_OBJC_WEAK = YES;
				CLANG_WARN_BLOCK_CAPTURE_AUTORELEASING = YES;
				CLANG_WARN_BOOL_CONVERSION = YES;
				CLANG_WARN_COMMA = YES;
				CLANG_WARN_CONSTANT_CONVERSION = YES;
				CLANG_WARN_DEPRECATED_OBJC_IMPLEMENTATIONS = YES;
				CLANG_WARN_DIRECT_OBJC_ISA_USAGE = YES_ERROR;
				CLANG_WARN_DOCUMENTATION_COMMENTS = YES;
				CLANG_WARN_EMPTY_BODY = YES;
				CLANG_WARN_ENUM_CONVERSION = YES;
				CLANG_WARN_INFINITE_RECURSION = YES;
				CLANG_WARN_INT_CONVERSION = YES;
				CLANG_WARN_NON_LITERAL_NULL_CONVERSION = YES;
				CLANG_WARN_OBJC_IMPLICIT_RETAIN_SELF = YES;
				CLANG_WARN_OBJC_LITERAL_CONVERSION = YES;
				CLANG_WARN_OBJC_ROOT_CLASS = YES_ERROR;
				CLANG_WARN_QUOTED_INCLUDE_IN_FRAMEWORK_HEADER = YES;
				CLANG_WARN_RANGE_LOOP_ANALYSIS = YES;
				CLANG_WARN_STRICT_PROTOTYPES = YES;
				CLANG_WARN_SUSPICIOUS_MOVE = YES;
				CLANG_WARN_UNGUARDED_AVAILABILITY = YES_AGGRESSIVE;
				CLANG_WARN_UNREACHABLE_CODE = YES;
				CLANG_WARN__DUPLICATE_METHOD_MATCH = YES;
				COPY_PHASE_STRIP = NO;
				DEBUG_INFORMATION_FORMAT = dwarf;
				ENABLE_STRICT_OBJC_MSGSEND = YES;
				ENABLE_TESTABILITY = YES;
				ENABLE_USER_SCRIPT_SANDBOXING = YES;
				GCC_C_LANGUAGE_STANDARD = gnu17;
				GCC_DYNAMIC_NO_PIC = NO;
				GCC_NO_COMMON_BLOCKS = YES;
				GCC_OPTIMIZATION_LEVEL = 0;
				GCC_PREPROCESSOR_DEFINITIONS = (
					"DEBUG=1",
					"$(inherited)",
				);
				GCC_WARN_64_TO_32_BIT_CONVERSION = YES;
				GCC_WARN_ABOUT_RETURN_TYPE = YES_ERROR;
				GCC_WARN_UNDECLARED_SELECTOR = YES;
				GCC_WARN_UNINITIALIZED_AUTOS = YES_AGGRESSIVE;
				GCC_WARN_UNUSED_FUNCTION = YES;
				GCC_WARN_UNUSED_VARIABLE = YES;
				IPHONEOS_DEPLOYMENT_TARGET = 17.5;
				LOCALIZATION_PREFERS_STRING_CATALOGS = YES;
				MTL_ENABLE_DEBUG_INFO = INCLUDE_SOURCE;
				MTL_FAST_MATH = YES;
				ONLY_ACTIVE_ARCH = YES;
				SDKROOT = iphoneos;
				SWIFT_ACTIVE_COMPILATION_CONDITIONS = "DEBUG $(inherited)";
				SWIFT_OPTIMIZATION_LEVEL = "-Onone";
			};
			name = Debug;
		};
		7E652D032D0711C100137ECA /* Release */ = {
			isa = XCBuildConfiguration;
			buildSettings = {
				ALWAYS_SEARCH_USER_PATHS = NO;
				ASSETCATALOG_COMPILER_GENERATE_SWIFT_ASSET_SYMBOL_EXTENSIONS = YES;
				CLANG_ANALYZER_NONNULL = YES;
				CLANG_ANALYZER_NUMBER_OBJECT_CONVERSION = YES_AGGRESSIVE;
				CLANG_CXX_LANGUAGE_STANDARD = "gnu++20";
				CLANG_ENABLE_MODULES = YES;
				CLANG_ENABLE_OBJC_ARC = YES;
				CLANG_ENABLE_OBJC_WEAK = YES;
				CLANG_WARN_BLOCK_CAPTURE_AUTORELEASING = YES;
				CLANG_WARN_BOOL_CONVERSION = YES;
				CLANG_WARN_COMMA = YES;
				CLANG_WARN_CONSTANT_CONVERSION = YES;
				CLANG_WARN_DEPRECATED_OBJC_IMPLEMENTATIONS = YES;
				CLANG_WARN_DIRECT_OBJC_ISA_USAGE = YES_ERROR;
				CLANG_WARN_DOCUMENTATION_COMMENTS = YES;
				CLANG_WARN_EMPTY_BODY = YES;
				CLANG_WARN_ENUM_CONVERSION = YES;
				CLANG_WARN_INFINITE_RECURSION = YES;
				CLANG_WARN_INT_CONVERSION = YES;
				CLANG_WARN_NON_LITERAL_NULL_CONVERSION = YES;
				CLANG_WARN_OBJC_IMPLICIT_RETAIN_SELF = YES;
				CLANG_WARN_OBJC_LITERAL_CONVERSION = YES;
				CLANG_WARN_OBJC_ROOT_CLASS = YES_ERROR;
				CLANG_WARN_QUOTED_INCLUDE_IN_FRAMEWORK_HEADER = YES;
				CLANG_WARN_RANGE_LOOP_ANALYSIS = YES;
				CLANG_WARN_STRICT_PROTOTYPES = YES;
				CLANG_WARN_SUSPICIOUS_MOVE = YES;
				CLANG_WARN_UNGUARDED_AVAILABILITY = YES_AGGRESSIVE;
				CLANG_WARN_UNREACHABLE_CODE = YES;
				CLANG_WARN__DUPLICATE_METHOD_MATCH = YES;
				COPY_PHASE_STRIP = NO;
				DEBUG_INFORMATION_FORMAT = "dwarf-with-dsym";
				ENABLE_NS_ASSERTIONS = NO;
				ENABLE_STRICT_OBJC_MSGSEND = YES;
				ENABLE_USER_SCRIPT_SANDBOXING = YES;
				GCC_C_LANGUAGE_STANDARD = gnu17;
				GCC_NO_COMMON_BLOCKS = YES;
				GCC_WARN_64_TO_32_BIT_CONVERSION = YES;
				GCC_WARN_ABOUT_RETURN_TYPE = YES_ERROR;
				GCC_WARN_UNDECLARED_SELECTOR = YES;
				GCC_WARN_UNINITIALIZED_AUTOS = YES_AGGRESSIVE;
				GCC_WARN_UNUSED_FUNCTION = YES;
				GCC_WARN_UNUSED_VARIABLE = YES;
				IPHONEOS_DEPLOYMENT_TARGET = 17.5;
				LOCALIZATION_PREFERS_STRING_CATALOGS = YES;
				MTL_ENABLE_DEBUG_INFO = NO;
				MTL_FAST_MATH = YES;
				SDKROOT = iphoneos;
				SWIFT_COMPILATION_MODE = wholemodule;
				VALIDATE_PRODUCT = YES;
			};
			name = Release;
		};
		7E652D052D0711C100137ECA /* Debug */ = {
			isa = XCBuildConfiguration;
			buildSettings = {
				ASSETCATALOG_COMPILER_APPICON_NAME = AppIcon;
				ASSETCATALOG_COMPILER_GLOBAL_ACCENT_COLOR_NAME = AccentColor;
				CODE_SIGN_STYLE = Automatic;
				CURRENT_PROJECT_VERSION = 1;
				GENERATE_INFOPLIST_FILE = YES;
				INFOPLIST_FILE = CheapEatsRestaurantApp/Info.plist;
				INFOPLIST_KEY_UIApplicationSupportsIndirectInputEvents = YES;
				INFOPLIST_KEY_UILaunchStoryboardName = LaunchScreen;
				INFOPLIST_KEY_UIMainStoryboardFile = Main;
				INFOPLIST_KEY_UISupportedInterfaceOrientations_iPad = "UIInterfaceOrientationPortrait UIInterfaceOrientationPortraitUpsideDown UIInterfaceOrientationLandscapeLeft UIInterfaceOrientationLandscapeRight";
				INFOPLIST_KEY_UISupportedInterfaceOrientations_iPhone = "UIInterfaceOrientationPortrait UIInterfaceOrientationLandscapeLeft UIInterfaceOrientationLandscapeRight";
				IPHONEOS_DEPLOYMENT_TARGET = 17.4;
				LD_RUNPATH_SEARCH_PATHS = (
					"$(inherited)",
					"@executable_path/Frameworks",
				);
				MARKETING_VERSION = 1.0;
				PRODUCT_BUNDLE_IDENTIFIER = com.emre.CheapEats;
				PRODUCT_NAME = "$(TARGET_NAME)";
				SWIFT_EMIT_LOC_STRINGS = YES;
				SWIFT_VERSION = 5.0;
				TARGETED_DEVICE_FAMILY = "1,2";
			};
			name = Debug;
		};
		7E652D062D0711C100137ECA /* Release */ = {
			isa = XCBuildConfiguration;
			buildSettings = {
				ASSETCATALOG_COMPILER_APPICON_NAME = AppIcon;
				ASSETCATALOG_COMPILER_GLOBAL_ACCENT_COLOR_NAME = AccentColor;
				CODE_SIGN_STYLE = Automatic;
				CURRENT_PROJECT_VERSION = 1;
				GENERATE_INFOPLIST_FILE = YES;
				INFOPLIST_FILE = CheapEatsRestaurantApp/Info.plist;
				INFOPLIST_KEY_UIApplicationSupportsIndirectInputEvents = YES;
				INFOPLIST_KEY_UILaunchStoryboardName = LaunchScreen;
				INFOPLIST_KEY_UIMainStoryboardFile = Main;
				INFOPLIST_KEY_UISupportedInterfaceOrientations_iPad = "UIInterfaceOrientationPortrait UIInterfaceOrientationPortraitUpsideDown UIInterfaceOrientationLandscapeLeft UIInterfaceOrientationLandscapeRight";
				INFOPLIST_KEY_UISupportedInterfaceOrientations_iPhone = "UIInterfaceOrientationPortrait UIInterfaceOrientationLandscapeLeft UIInterfaceOrientationLandscapeRight";
				IPHONEOS_DEPLOYMENT_TARGET = 17.4;
				LD_RUNPATH_SEARCH_PATHS = (
					"$(inherited)",
					"@executable_path/Frameworks",
				);
				MARKETING_VERSION = 1.0;
				PRODUCT_BUNDLE_IDENTIFIER = com.emre.CheapEats;
				PRODUCT_NAME = "$(TARGET_NAME)";
				SWIFT_EMIT_LOC_STRINGS = YES;
				SWIFT_VERSION = 5.0;
				TARGETED_DEVICE_FAMILY = "1,2";
			};
			name = Release;
		};
/* End XCBuildConfiguration section */

/* Begin XCConfigurationList section */
		7E652CEB2D0711C000137ECA /* Build configuration list for PBXProject "CheapEatsRestaurantApp" */ = {
			isa = XCConfigurationList;
			buildConfigurations = (
				7E652D022D0711C100137ECA /* Debug */,
				7E652D032D0711C100137ECA /* Release */,
			);
			defaultConfigurationIsVisible = 0;
			defaultConfigurationName = Release;
		};
		7E652D042D0711C100137ECA /* Build configuration list for PBXNativeTarget "CheapEatsRestaurantApp" */ = {
			isa = XCConfigurationList;
			buildConfigurations = (
				7E652D052D0711C100137ECA /* Debug */,
				7E652D062D0711C100137ECA /* Release */,
			);
			defaultConfigurationIsVisible = 0;
			defaultConfigurationName = Release;
		};
/* End XCConfigurationList section */

/* Begin XCRemoteSwiftPackageReference section */
		7E28691C2D72005900C5F46D /* XCRemoteSwiftPackageReference "NVActivityIndicatorView" */ = {
			isa = XCRemoteSwiftPackageReference;
			repositoryURL = "https://github.com/ninjaprox/NVActivityIndicatorView";
			requirement = {
				kind = upToNextMajorVersion;
				minimumVersion = 5.2.0;
			};
		};
		7E5205392D6F358900650F4C /* XCRemoteSwiftPackageReference "JVFloatLabeledTextField" */ = {
			isa = XCRemoteSwiftPackageReference;
			repositoryURL = "https://github.com/jverdi/JVFloatLabeledTextField";
			requirement = {
				kind = upToNextMajorVersion;
				minimumVersion = 1.2.5;
			};
		};
		7E7666B42D59AFCE000F808F /* XCRemoteSwiftPackageReference "cloudinary_ios" */ = {
			isa = XCRemoteSwiftPackageReference;
			repositoryURL = "https://github.com/cloudinary/cloudinary_ios.git";
			requirement = {
				kind = upToNextMajorVersion;
				minimumVersion = 5.1.0;
			};
		};
		7EA0AF752D6F3A66004F4499 /* XCRemoteSwiftPackageReference "EasyTipView" */ = {
			isa = XCRemoteSwiftPackageReference;
			repositoryURL = "https://github.com/teodorpatras/EasyTipView.git";
			requirement = {
				kind = upToNextMajorVersion;
				minimumVersion = 2.1.0;
			};
		};
		7EC6CCD42D775BCB00316926 /* XCRemoteSwiftPackageReference "firebase-ios-sdk" */ = {
			isa = XCRemoteSwiftPackageReference;
			repositoryURL = "https://github.com/firebase/firebase-ios-sdk";
			requirement = {
				kind = upToNextMajorVersion;
				minimumVersion = 11.9.0;
			};
		};
		7EF612D02D518CC2003B1DF1 /* XCRemoteSwiftPackageReference "Kingfisher" */ = {
			isa = XCRemoteSwiftPackageReference;
			repositoryURL = "https://github.com/onevcat/Kingfisher.git";
			requirement = {
				kind = upToNextMajorVersion;
				minimumVersion = 8.1.4;
			};
		};
/* End XCRemoteSwiftPackageReference section */

/* Begin XCSwiftPackageProductDependency section */
		7E28691D2D72005900C5F46D /* NVActivityIndicatorView */ = {
			isa = XCSwiftPackageProductDependency;
			package = 7E28691C2D72005900C5F46D /* XCRemoteSwiftPackageReference "NVActivityIndicatorView" */;
			productName = NVActivityIndicatorView;
		};
		7E28691F2D72005900C5F46D /* NVActivityIndicatorViewExtended */ = {
			isa = XCSwiftPackageProductDependency;
			package = 7E28691C2D72005900C5F46D /* XCRemoteSwiftPackageReference "NVActivityIndicatorView" */;
			productName = NVActivityIndicatorViewExtended;
		};
		7E52053A2D6F358900650F4C /* JVFloatLabeledTextField */ = {
			isa = XCSwiftPackageProductDependency;
			package = 7E5205392D6F358900650F4C /* XCRemoteSwiftPackageReference "JVFloatLabeledTextField" */;
			productName = JVFloatLabeledTextField;
		};
		7E7666B52D59AFCE000F808F /* Cloudinary */ = {
			isa = XCSwiftPackageProductDependency;
			package = 7E7666B42D59AFCE000F808F /* XCRemoteSwiftPackageReference "cloudinary_ios" */;
			productName = Cloudinary;
		};
		7EA0AF762D6F3A66004F4499 /* EasyTipView */ = {
			isa = XCSwiftPackageProductDependency;
			package = 7EA0AF752D6F3A66004F4499 /* XCRemoteSwiftPackageReference "EasyTipView" */;
			productName = EasyTipView;
		};
		7EC6CCD52D775BCB00316926 /* FirebaseAuth */ = {
			isa = XCSwiftPackageProductDependency;
			package = 7EC6CCD42D775BCB00316926 /* XCRemoteSwiftPackageReference "firebase-ios-sdk" */;
			productName = FirebaseAuth;
		};
		7EC6CCD72D775BCB00316926 /* FirebaseCore */ = {
			isa = XCSwiftPackageProductDependency;
			package = 7EC6CCD42D775BCB00316926 /* XCRemoteSwiftPackageReference "firebase-ios-sdk" */;
			productName = FirebaseCore;
		};
		7EC6CCD92D775BCB00316926 /* FirebaseDatabase */ = {
			isa = XCSwiftPackageProductDependency;
			package = 7EC6CCD42D775BCB00316926 /* XCRemoteSwiftPackageReference "firebase-ios-sdk" */;
			productName = FirebaseDatabase;
		};
		7EC6CCDB2D775BCB00316926 /* FirebaseFirestore */ = {
			isa = XCSwiftPackageProductDependency;
			package = 7EC6CCD42D775BCB00316926 /* XCRemoteSwiftPackageReference "firebase-ios-sdk" */;
			productName = FirebaseFirestore;
		};
		7EC6CCDD2D775BCB00316926 /* FirebaseStorage */ = {
			isa = XCSwiftPackageProductDependency;
			package = 7EC6CCD42D775BCB00316926 /* XCRemoteSwiftPackageReference "firebase-ios-sdk" */;
			productName = FirebaseStorage;
		};
		7EF612D12D518CC2003B1DF1 /* Kingfisher */ = {
			isa = XCSwiftPackageProductDependency;
			package = 7EF612D02D518CC2003B1DF1 /* XCRemoteSwiftPackageReference "Kingfisher" */;
			productName = Kingfisher;
		};
/* End XCSwiftPackageProductDependency section */
	};
	rootObject = 7E652CE82D0711C000137ECA /* Project object */;
}
