// !$*UTF8*$!
{
	archiveVersion = 1;
	classes = {
	};
	objectVersion = 56;
	objects = {

/* Begin PBXBuildFile section */
		7E4D22902D08CB15005CE604 /* ProductAddedViewController.swift in Sources */ = {isa = PBXBuildFile; fileRef = 7E4D228F2D08CB15005CE604 /* ProductAddedViewController.swift */; };
		7E652CF42D0711C000137ECA /* AppDelegate.swift in Sources */ = {isa = PBXBuildFile; fileRef = 7E652CF32D0711C000137ECA /* AppDelegate.swift */; };
		7E652CF62D0711C000137ECA /* SceneDelegate.swift in Sources */ = {isa = PBXBuildFile; fileRef = 7E652CF52D0711C000137ECA /* SceneDelegate.swift */; };
		7E652CF82D0711C000137ECA /* OrderViewController.swift in Sources */ = {isa = PBXBuildFile; fileRef = 7E652CF72D0711C000137ECA /* OrderViewController.swift */; };
		7E652CFB2D0711C000137ECA /* Base in Resources */ = {isa = PBXBuildFile; fileRef = 7E652CFA2D0711C000137ECA /* Base */; };
		7E652CFD2D0711C100137ECA /* Assets.xcassets in Resources */ = {isa = PBXBuildFile; fileRef = 7E652CFC2D0711C100137ECA /* Assets.xcassets */; };
		7E652D002D0711C100137ECA /* Base in Resources */ = {isa = PBXBuildFile; fileRef = 7E652CFF2D0711C100137ECA /* Base */; };
		7E652D102D0718B200137ECA /* GoogleService-Info.plist in Resources */ = {isa = PBXBuildFile; fileRef = 7E652D0F2D0718B200137ECA /* GoogleService-Info.plist */; };
		7E652D132D07218400137ECA /* ProductTableViewCell.swift in Sources */ = {isa = PBXBuildFile; fileRef = 7E652D112D07218400137ECA /* ProductTableViewCell.swift */; };
		7E652D142D07218400137ECA /* ProductTableViewCell.xib in Resources */ = {isa = PBXBuildFile; fileRef = 7E652D122D07218400137ECA /* ProductTableViewCell.xib */; };
		7E652D172D07275D00137ECA /* TextFieldEffects in Frameworks */ = {isa = PBXBuildFile; productRef = 7E652D162D07275D00137ECA /* TextFieldEffects */; };
		7E78EC392D08353C001A3782 /* UIViewController+Extension.swift in Sources */ = {isa = PBXBuildFile; fileRef = 7E78EC382D08353C001A3782 /* UIViewController+Extension.swift */; };
		7EBED5E12D077BAB00E7CACB /* OrderViewController+TableView.swift in Sources */ = {isa = PBXBuildFile; fileRef = 7EBED5E02D077BAB00E7CACB /* OrderViewController+TableView.swift */; };
		7EBED5E32D07837F00E7CACB /* UIView+Extension.swift in Sources */ = {isa = PBXBuildFile; fileRef = 7EBED5E22D07837F00E7CACB /* UIView+Extension.swift */; };
/* End PBXBuildFile section */

/* Begin PBXFileReference section */
		7E4D228F2D08CB15005CE604 /* ProductAddedViewController.swift */ = {isa = PBXFileReference; lastKnownFileType = sourcecode.swift; path = ProductAddedViewController.swift; sourceTree = "<group>"; };
		7E652CF02D0711C000137ECA /* CheapEatsRestaurantApp.app */ = {isa = PBXFileReference; explicitFileType = wrapper.application; includeInIndex = 0; path = CheapEatsRestaurantApp.app; sourceTree = BUILT_PRODUCTS_DIR; };
		7E652CF32D0711C000137ECA /* AppDelegate.swift */ = {isa = PBXFileReference; lastKnownFileType = sourcecode.swift; path = AppDelegate.swift; sourceTree = "<group>"; };
		7E652CF52D0711C000137ECA /* SceneDelegate.swift */ = {isa = PBXFileReference; lastKnownFileType = sourcecode.swift; path = SceneDelegate.swift; sourceTree = "<group>"; };
		7E652CF72D0711C000137ECA /* OrderViewController.swift */ = {isa = PBXFileReference; lastKnownFileType = sourcecode.swift; path = OrderViewController.swift; sourceTree = "<group>"; };
		7E652CFA2D0711C000137ECA /* Base */ = {isa = PBXFileReference; lastKnownFileType = file.storyboard; name = Base; path = Base.lproj/Main.storyboard; sourceTree = "<group>"; };
		7E652CFC2D0711C100137ECA /* Assets.xcassets */ = {isa = PBXFileReference; lastKnownFileType = folder.assetcatalog; path = Assets.xcassets; sourceTree = "<group>"; };
		7E652CFF2D0711C100137ECA /* Base */ = {isa = PBXFileReference; lastKnownFileType = file.storyboard; name = Base; path = Base.lproj/LaunchScreen.storyboard; sourceTree = "<group>"; };
		7E652D012D0711C100137ECA /* Info.plist */ = {isa = PBXFileReference; lastKnownFileType = text.plist.xml; path = Info.plist; sourceTree = "<group>"; };
		7E652D0F2D0718B200137ECA /* GoogleService-Info.plist */ = {isa = PBXFileReference; fileEncoding = 4; lastKnownFileType = text.plist.xml; path = "GoogleService-Info.plist"; sourceTree = "<group>"; };
		7E652D112D07218400137ECA /* ProductTableViewCell.swift */ = {isa = PBXFileReference; lastKnownFileType = sourcecode.swift; path = ProductTableViewCell.swift; sourceTree = "<group>"; };
		7E652D122D07218400137ECA /* ProductTableViewCell.xib */ = {isa = PBXFileReference; lastKnownFileType = file.xib; path = ProductTableViewCell.xib; sourceTree = "<group>"; };
		7E78EC382D08353C001A3782 /* UIViewController+Extension.swift */ = {isa = PBXFileReference; lastKnownFileType = sourcecode.swift; path = "UIViewController+Extension.swift"; sourceTree = "<group>"; };
		7EBED5E02D077BAB00E7CACB /* OrderViewController+TableView.swift */ = {isa = PBXFileReference; lastKnownFileType = sourcecode.swift; path = "OrderViewController+TableView.swift"; sourceTree = "<group>"; };
		7EBED5E22D07837F00E7CACB /* UIView+Extension.swift */ = {isa = PBXFileReference; lastKnownFileType = sourcecode.swift; path = "UIView+Extension.swift"; sourceTree = "<group>"; };
/* End PBXFileReference section */

/* Begin PBXFrameworksBuildPhase section */
		7E652CED2D0711C000137ECA /* Frameworks */ = {
			isa = PBXFrameworksBuildPhase;
			buildActionMask = 2147483647;
			files = (
				7E652D172D07275D00137ECA /* TextFieldEffects in Frameworks */,
			);
			runOnlyForDeploymentPostprocessing = 0;
		};
/* End PBXFrameworksBuildPhase section */

/* Begin PBXGroup section */
		7E652CE72D0711C000137ECA = {
			isa = PBXGroup;
			children = (
				7E652CF22D0711C000137ECA /* CheapEatsRestaurantApp */,
				7E652CF12D0711C000137ECA /* Products */,
			);
			sourceTree = "<group>";
		};
		7E652CF12D0711C000137ECA /* Products */ = {
			isa = PBXGroup;
			children = (
				7E652CF02D0711C000137ECA /* CheapEatsRestaurantApp.app */,
			);
			name = Products;
			sourceTree = "<group>";
		};
		7E652CF22D0711C000137ECA /* CheapEatsRestaurantApp */ = {
			isa = PBXGroup;
			children = (
				7E652D072D0715CB00137ECA /* Core */,
				7E652D082D0716BA00137ECA /* Feature */,
				7E652CF92D0711C000137ECA /* Main.storyboard */,
				7E652D012D0711C100137ECA /* Info.plist */,
				7E652D0F2D0718B200137ECA /* GoogleService-Info.plist */,
			);
			path = CheapEatsRestaurantApp;
			sourceTree = "<group>";
		};
		7E652D072D0715CB00137ECA /* Core */ = {
			isa = PBXGroup;
			children = (
				7E652CF32D0711C000137ECA /* AppDelegate.swift */,
				7E652CF52D0711C000137ECA /* SceneDelegate.swift */,
				7E652CFE2D0711C100137ECA /* LaunchScreen.storyboard */,
				7E652CFC2D0711C100137ECA /* Assets.xcassets */,
			);
			path = Core;
			sourceTree = "<group>";
		};
		7E652D082D0716BA00137ECA /* Feature */ = {
			isa = PBXGroup;
			children = (
				7E652D092D07174F00137ECA /* Extension */,
				7E652D0A2D07175E00137ECA /* NetworkLayer */,
				7E652D0B2D07177700137ECA /* Model */,
				7E652D0C2D07177E00137ECA /* View */,
				7E652D0D2D07178700137ECA /* ViewModel */,
			);
			path = Feature;
			sourceTree = "<group>";
		};
		7E652D092D07174F00137ECA /* Extension */ = {
			isa = PBXGroup;
			children = (
				7EBED5E22D07837F00E7CACB /* UIView+Extension.swift */,
				7E78EC382D08353C001A3782 /* UIViewController+Extension.swift */,
			);
			name = Extension;
			sourceTree = "<group>";
		};
		7E652D0A2D07175E00137ECA /* NetworkLayer */ = {
			isa = PBXGroup;
			children = (
			);
			path = NetworkLayer;
			sourceTree = "<group>";
		};
		7E652D0B2D07177700137ECA /* Model */ = {
			isa = PBXGroup;
			children = (
			);
			name = Model;
			sourceTree = "<group>";
		};
		7E652D0C2D07177E00137ECA /* View */ = {
			isa = PBXGroup;
			children = (
				7E652D0E2D0717D600137ECA /* SubView */,
				7E652CF72D0711C000137ECA /* OrderViewController.swift */,
				7EBED5E02D077BAB00E7CACB /* OrderViewController+TableView.swift */,
				7E4D228F2D08CB15005CE604 /* ProductAddedViewController.swift */,
			);
			path = View;
			sourceTree = "<group>";
		};
		7E652D0D2D07178700137ECA /* ViewModel */ = {
			isa = PBXGroup;
			children = (
			);
			name = ViewModel;
			sourceTree = "<group>";
		};
		7E652D0E2D0717D600137ECA /* SubView */ = {
			isa = PBXGroup;
			children = (
				7E652D112D07218400137ECA /* ProductTableViewCell.swift */,
				7E652D122D07218400137ECA /* ProductTableViewCell.xib */,
			);
			name = SubView;
			sourceTree = "<group>";
		};
/* End PBXGroup section */

/* Begin PBXNativeTarget section */
		7E652CEF2D0711C000137ECA /* CheapEatsRestaurantApp */ = {
			isa = PBXNativeTarget;
			buildConfigurationList = 7E652D042D0711C100137ECA /* Build configuration list for PBXNativeTarget "CheapEatsRestaurantApp" */;
			buildPhases = (
				7E652CEC2D0711C000137ECA /* Sources */,
				7E652CED2D0711C000137ECA /* Frameworks */,
				7E652CEE2D0711C000137ECA /* Resources */,
			);
			buildRules = (
			);
			dependencies = (
			);
			name = CheapEatsRestaurantApp;
			packageProductDependencies = (
				7E652D162D07275D00137ECA /* TextFieldEffects */,
			);
			productName = CheapEatsRestaurantApp;
			productReference = 7E652CF02D0711C000137ECA /* CheapEatsRestaurantApp.app */;
			productType = "com.apple.product-type.application";
		};
/* End PBXNativeTarget section */

/* Begin PBXProject section */
		7E652CE82D0711C000137ECA /* Project object */ = {
			isa = PBXProject;
			attributes = {
				BuildIndependentTargetsInParallel = 1;
				LastSwiftUpdateCheck = 1540;
				LastUpgradeCheck = 1540;
				TargetAttributes = {
					7E652CEF2D0711C000137ECA = {
						CreatedOnToolsVersion = 15.4;
					};
				};
			};
			buildConfigurationList = 7E652CEB2D0711C000137ECA /* Build configuration list for PBXProject "CheapEatsRestaurantApp" */;
			compatibilityVersion = "Xcode 14.0";
			developmentRegion = en;
			hasScannedForEncodings = 0;
			knownRegions = (
				en,
				Base,
			);
			mainGroup = 7E652CE72D0711C000137ECA;
			packageReferences = (
				7E652D152D07275D00137ECA /* XCRemoteSwiftPackageReference "TextFieldEffects" */,
			);
			productRefGroup = 7E652CF12D0711C000137ECA /* Products */;
			projectDirPath = "";
			projectRoot = "";
			targets = (
				7E652CEF2D0711C000137ECA /* CheapEatsRestaurantApp */,
			);
		};
/* End PBXProject section */

/* Begin PBXResourcesBuildPhase section */
		7E652CEE2D0711C000137ECA /* Resources */ = {
			isa = PBXResourcesBuildPhase;
			buildActionMask = 2147483647;
			files = (
				7E652CFD2D0711C100137ECA /* Assets.xcassets in Resources */,
				7E652D102D0718B200137ECA /* GoogleService-Info.plist in Resources */,
				7E652D002D0711C100137ECA /* Base in Resources */,
				7E652CFB2D0711C000137ECA /* Base in Resources */,
				7E652D142D07218400137ECA /* ProductTableViewCell.xib in Resources */,
			);
			runOnlyForDeploymentPostprocessing = 0;
		};
/* End PBXResourcesBuildPhase section */

/* Begin PBXSourcesBuildPhase section */
		7E652CEC2D0711C000137ECA /* Sources */ = {
			isa = PBXSourcesBuildPhase;
			buildActionMask = 2147483647;
			files = (
				7EBED5E32D07837F00E7CACB /* UIView+Extension.swift in Sources */,
				7E652D132D07218400137ECA /* ProductTableViewCell.swift in Sources */,
				7E4D22902D08CB15005CE604 /* ProductAddedViewController.swift in Sources */,
				7E652CF82D0711C000137ECA /* OrderViewController.swift in Sources */,
				7EBED5E12D077BAB00E7CACB /* OrderViewController+TableView.swift in Sources */,
				7E78EC392D08353C001A3782 /* UIViewController+Extension.swift in Sources */,
				7E652CF42D0711C000137ECA /* AppDelegate.swift in Sources */,
				7E652CF62D0711C000137ECA /* SceneDelegate.swift in Sources */,
			);
			runOnlyForDeploymentPostprocessing = 0;
		};
/* End PBXSourcesBuildPhase section */

/* Begin PBXVariantGroup section */
		7E652CF92D0711C000137ECA /* Main.storyboard */ = {
			isa = PBXVariantGroup;
			children = (
				7E652CFA2D0711C000137ECA /* Base */,
			);
			name = Main.storyboard;
			sourceTree = "<group>";
		};
		7E652CFE2D0711C100137ECA /* LaunchScreen.storyboard */ = {
			isa = PBXVariantGroup;
			children = (
				7E652CFF2D0711C100137ECA /* Base */,
			);
			name = LaunchScreen.storyboard;
			sourceTree = "<group>";
		};
/* End PBXVariantGroup section */

/* Begin XCBuildConfiguration section */
		7E652D022D0711C100137ECA /* Debug */ = {
			isa = XCBuildConfiguration;
			buildSettings = {
				ALWAYS_SEARCH_USER_PATHS = NO;
				ASSETCATALOG_COMPILER_GENERATE_SWIFT_ASSET_SYMBOL_EXTENSIONS = YES;
				CLANG_ANALYZER_NONNULL = YES;
				CLANG_ANALYZER_NUMBER_OBJECT_CONVERSION = YES_AGGRESSIVE;
				CLANG_CXX_LANGUAGE_STANDARD = "gnu++20";
				CLANG_ENABLE_MODULES = YES;
				CLANG_ENABLE_OBJC_ARC = YES;
				CLANG_ENABLE_OBJC_WEAK = YES;
				CLANG_WARN_BLOCK_CAPTURE_AUTORELEASING = YES;
				CLANG_WARN_BOOL_CONVERSION = YES;
				CLANG_WARN_COMMA = YES;
				CLANG_WARN_CONSTANT_CONVERSION = YES;
				CLANG_WARN_DEPRECATED_OBJC_IMPLEMENTATIONS = YES;
				CLANG_WARN_DIRECT_OBJC_ISA_USAGE = YES_ERROR;
				CLANG_WARN_DOCUMENTATION_COMMENTS = YES;
				CLANG_WARN_EMPTY_BODY = YES;
				CLANG_WARN_ENUM_CONVERSION = YES;
				CLANG_WARN_INFINITE_RECURSION = YES;
				CLANG_WARN_INT_CONVERSION = YES;
				CLANG_WARN_NON_LITERAL_NULL_CONVERSION = YES;
				CLANG_WARN_OBJC_IMPLICIT_RETAIN_SELF = YES;
				CLANG_WARN_OBJC_LITERAL_CONVERSION = YES;
				CLANG_WARN_OBJC_ROOT_CLASS = YES_ERROR;
				CLANG_WARN_QUOTED_INCLUDE_IN_FRAMEWORK_HEADER = YES;
				CLANG_WARN_RANGE_LOOP_ANALYSIS = YES;
				CLANG_WARN_STRICT_PROTOTYPES = YES;
				CLANG_WARN_SUSPICIOUS_MOVE = YES;
				CLANG_WARN_UNGUARDED_AVAILABILITY = YES_AGGRESSIVE;
				CLANG_WARN_UNREACHABLE_CODE = YES;
				CLANG_WARN__DUPLICATE_METHOD_MATCH = YES;
				COPY_PHASE_STRIP = NO;
				DEBUG_INFORMATION_FORMAT = dwarf;
				ENABLE_STRICT_OBJC_MSGSEND = YES;
				ENABLE_TESTABILITY = YES;
				ENABLE_USER_SCRIPT_SANDBOXING = YES;
				GCC_C_LANGUAGE_STANDARD = gnu17;
				GCC_DYNAMIC_NO_PIC = NO;
				GCC_NO_COMMON_BLOCKS = YES;
				GCC_OPTIMIZATION_LEVEL = 0;
				GCC_PREPROCESSOR_DEFINITIONS = (
					"DEBUG=1",
					"$(inherited)",
				);
				GCC_WARN_64_TO_32_BIT_CONVERSION = YES;
				GCC_WARN_ABOUT_RETURN_TYPE = YES_ERROR;
				GCC_WARN_UNDECLARED_SELECTOR = YES;
				GCC_WARN_UNINITIALIZED_AUTOS = YES_AGGRESSIVE;
				GCC_WARN_UNUSED_FUNCTION = YES;
				GCC_WARN_UNUSED_VARIABLE = YES;
				IPHONEOS_DEPLOYMENT_TARGET = 17.5;
				LOCALIZATION_PREFERS_STRING_CATALOGS = YES;
				MTL_ENABLE_DEBUG_INFO = INCLUDE_SOURCE;
				MTL_FAST_MATH = YES;
				ONLY_ACTIVE_ARCH = YES;
				SDKROOT = iphoneos;
				SWIFT_ACTIVE_COMPILATION_CONDITIONS = "DEBUG $(inherited)";
				SWIFT_OPTIMIZATION_LEVEL = "-Onone";
			};
			name = Debug;
		};
		7E652D032D0711C100137ECA /* Release */ = {
			isa = XCBuildConfiguration;
			buildSettings = {
				ALWAYS_SEARCH_USER_PATHS = NO;
				ASSETCATALOG_COMPILER_GENERATE_SWIFT_ASSET_SYMBOL_EXTENSIONS = YES;
				CLANG_ANALYZER_NONNULL = YES;
				CLANG_ANALYZER_NUMBER_OBJECT_CONVERSION = YES_AGGRESSIVE;
				CLANG_CXX_LANGUAGE_STANDARD = "gnu++20";
				CLANG_ENABLE_MODULES = YES;
				CLANG_ENABLE_OBJC_ARC = YES;
				CLANG_ENABLE_OBJC_WEAK = YES;
				CLANG_WARN_BLOCK_CAPTURE_AUTORELEASING = YES;
				CLANG_WARN_BOOL_CONVERSION = YES;
				CLANG_WARN_COMMA = YES;
				CLANG_WARN_CONSTANT_CONVERSION = YES;
				CLANG_WARN_DEPRECATED_OBJC_IMPLEMENTATIONS = YES;
				CLANG_WARN_DIRECT_OBJC_ISA_USAGE = YES_ERROR;
				CLANG_WARN_DOCUMENTATION_COMMENTS = YES;
				CLANG_WARN_EMPTY_BODY = YES;
				CLANG_WARN_ENUM_CONVERSION = YES;
				CLANG_WARN_INFINITE_RECURSION = YES;
				CLANG_WARN_INT_CONVERSION = YES;
				CLANG_WARN_NON_LITERAL_NULL_CONVERSION = YES;
				CLANG_WARN_OBJC_IMPLICIT_RETAIN_SELF = YES;
				CLANG_WARN_OBJC_LITERAL_CONVERSION = YES;
				CLANG_WARN_OBJC_ROOT_CLASS = YES_ERROR;
				CLANG_WARN_QUOTED_INCLUDE_IN_FRAMEWORK_HEADER = YES;
				CLANG_WARN_RANGE_LOOP_ANALYSIS = YES;
				CLANG_WARN_STRICT_PROTOTYPES = YES;
				CLANG_WARN_SUSPICIOUS_MOVE = YES;
				CLANG_WARN_UNGUARDED_AVAILABILITY = YES_AGGRESSIVE;
				CLANG_WARN_UNREACHABLE_CODE = YES;
				CLANG_WARN__DUPLICATE_METHOD_MATCH = YES;
				COPY_PHASE_STRIP = NO;
				DEBUG_INFORMATION_FORMAT = "dwarf-with-dsym";
				ENABLE_NS_ASSERTIONS = NO;
				ENABLE_STRICT_OBJC_MSGSEND = YES;
				ENABLE_USER_SCRIPT_SANDBOXING = YES;
				GCC_C_LANGUAGE_STANDARD = gnu17;
				GCC_NO_COMMON_BLOCKS = YES;
				GCC_WARN_64_TO_32_BIT_CONVERSION = YES;
				GCC_WARN_ABOUT_RETURN_TYPE = YES_ERROR;
				GCC_WARN_UNDECLARED_SELECTOR = YES;
				GCC_WARN_UNINITIALIZED_AUTOS = YES_AGGRESSIVE;
				GCC_WARN_UNUSED_FUNCTION = YES;
				GCC_WARN_UNUSED_VARIABLE = YES;
				IPHONEOS_DEPLOYMENT_TARGET = 17.5;
				LOCALIZATION_PREFERS_STRING_CATALOGS = YES;
				MTL_ENABLE_DEBUG_INFO = NO;
				MTL_FAST_MATH = YES;
				SDKROOT = iphoneos;
				SWIFT_COMPILATION_MODE = wholemodule;
				VALIDATE_PRODUCT = YES;
			};
			name = Release;
		};
		7E652D052D0711C100137ECA /* Debug */ = {
			isa = XCBuildConfiguration;
			buildSettings = {
				ASSETCATALOG_COMPILER_APPICON_NAME = AppIcon;
				ASSETCATALOG_COMPILER_GLOBAL_ACCENT_COLOR_NAME = AccentColor;
				CODE_SIGN_STYLE = Automatic;
				CURRENT_PROJECT_VERSION = 1;
				GENERATE_INFOPLIST_FILE = YES;
				INFOPLIST_FILE = CheapEatsRestaurantApp/Info.plist;
				INFOPLIST_KEY_UIApplicationSupportsIndirectInputEvents = YES;
				INFOPLIST_KEY_UILaunchStoryboardName = LaunchScreen;
				INFOPLIST_KEY_UIMainStoryboardFile = Main;
				INFOPLIST_KEY_UISupportedInterfaceOrientations_iPad = "UIInterfaceOrientationPortrait UIInterfaceOrientationPortraitUpsideDown UIInterfaceOrientationLandscapeLeft UIInterfaceOrientationLandscapeRight";
				INFOPLIST_KEY_UISupportedInterfaceOrientations_iPhone = "UIInterfaceOrientationPortrait UIInterfaceOrientationLandscapeLeft UIInterfaceOrientationLandscapeRight";
				LD_RUNPATH_SEARCH_PATHS = (
					"$(inherited)",
					"@executable_path/Frameworks",
				);
				MARKETING_VERSION = 1.0;
				PRODUCT_BUNDLE_IDENTIFIER = com.cansu.CheapEatsRestaurantApp;
				PRODUCT_NAME = "$(TARGET_NAME)";
				SWIFT_EMIT_LOC_STRINGS = YES;
				SWIFT_VERSION = 5.0;
				TARGETED_DEVICE_FAMILY = "1,2";
			};
			name = Debug;
		};
		7E652D062D0711C100137ECA /* Release */ = {
			isa = XCBuildConfiguration;
			buildSettings = {
				ASSETCATALOG_COMPILER_APPICON_NAME = AppIcon;
				ASSETCATALOG_COMPILER_GLOBAL_ACCENT_COLOR_NAME = AccentColor;
				CODE_SIGN_STYLE = Automatic;
				CURRENT_PROJECT_VERSION = 1;
				GENERATE_INFOPLIST_FILE = YES;
				INFOPLIST_FILE = CheapEatsRestaurantApp/Info.plist;
				INFOPLIST_KEY_UIApplicationSupportsIndirectInputEvents = YES;
				INFOPLIST_KEY_UILaunchStoryboardName = LaunchScreen;
				INFOPLIST_KEY_UIMainStoryboardFile = Main;
				INFOPLIST_KEY_UISupportedInterfaceOrientations_iPad = "UIInterfaceOrientationPortrait UIInterfaceOrientationPortraitUpsideDown UIInterfaceOrientationLandscapeLeft UIInterfaceOrientationLandscapeRight";
				INFOPLIST_KEY_UISupportedInterfaceOrientations_iPhone = "UIInterfaceOrientationPortrait UIInterfaceOrientationLandscapeLeft UIInterfaceOrientationLandscapeRight";
				LD_RUNPATH_SEARCH_PATHS = (
					"$(inherited)",
					"@executable_path/Frameworks",
				);
				MARKETING_VERSION = 1.0;
				PRODUCT_BUNDLE_IDENTIFIER = com.cansu.CheapEatsRestaurantApp;
				PRODUCT_NAME = "$(TARGET_NAME)";
				SWIFT_EMIT_LOC_STRINGS = YES;
				SWIFT_VERSION = 5.0;
				TARGETED_DEVICE_FAMILY = "1,2";
			};
			name = Release;
		};
/* End XCBuildConfiguration section */

/* Begin XCConfigurationList section */
		7E652CEB2D0711C000137ECA /* Build configuration list for PBXProject "CheapEatsRestaurantApp" */ = {
			isa = XCConfigurationList;
			buildConfigurations = (
				7E652D022D0711C100137ECA /* Debug */,
				7E652D032D0711C100137ECA /* Release */,
			);
			defaultConfigurationIsVisible = 0;
			defaultConfigurationName = Release;
		};
		7E652D042D0711C100137ECA /* Build configuration list for PBXNativeTarget "CheapEatsRestaurantApp" */ = {
			isa = XCConfigurationList;
			buildConfigurations = (
				7E652D052D0711C100137ECA /* Debug */,
				7E652D062D0711C100137ECA /* Release */,
			);
			defaultConfigurationIsVisible = 0;
			defaultConfigurationName = Release;
		};
/* End XCConfigurationList section */

/* Begin XCRemoteSwiftPackageReference section */
		7E652D152D07275D00137ECA /* XCRemoteSwiftPackageReference "TextFieldEffects" */ = {
			isa = XCRemoteSwiftPackageReference;
			repositoryURL = "https://github.com/raulriera/TextFieldEffects";
			requirement = {
				kind = upToNextMajorVersion;
				minimumVersion = 1.7.0;
			};
		};
/* End XCRemoteSwiftPackageReference section */

/* Begin XCSwiftPackageProductDependency section */
		7E652D162D07275D00137ECA /* TextFieldEffects */ = {
			isa = XCSwiftPackageProductDependency;
			package = 7E652D152D07275D00137ECA /* XCRemoteSwiftPackageReference "TextFieldEffects" */;
			productName = TextFieldEffects;
		};
/* End XCSwiftPackageProductDependency section */
	};
	rootObject = 7E652CE82D0711C000137ECA /* Project object */;
}
