// !$*UTF8*$!
{
	archiveVersion = 1;
	classes = {
	};
	objectVersion = 56;
	objects = {

/* Begin PBXBuildFile section */
		7E1489582D67C93800E99F58 /* EasyTipView in Frameworks */ = {isa = PBXBuildFile; productRef = 7E1489572D67C93800E99F58 /* EasyTipView */; };
		7E3FB7BC2D098A2B00359003 /* FilterTypeViewModel.swift in Sources */ = {isa = PBXBuildFile; fileRef = 7E3FB7BB2D098A2A00359003 /* FilterTypeViewModel.swift */; };
		7E3FB7BE2D098E0600359003 /* FilterViewController.swift in Sources */ = {isa = PBXBuildFile; fileRef = 7E3FB7BD2D098E0600359003 /* FilterViewController.swift */; };
		7E652CF42D0711C000137ECA /* AppDelegate.swift in Sources */ = {isa = PBXBuildFile; fileRef = 7E652CF32D0711C000137ECA /* AppDelegate.swift */; };
		7E652CF62D0711C000137ECA /* SceneDelegate.swift in Sources */ = {isa = PBXBuildFile; fileRef = 7E652CF52D0711C000137ECA /* SceneDelegate.swift */; };
		7E652CF82D0711C000137ECA /* OrderViewController.swift in Sources */ = {isa = PBXBuildFile; fileRef = 7E652CF72D0711C000137ECA /* OrderViewController.swift */; };
		7E652CFB2D0711C000137ECA /* Base in Resources */ = {isa = PBXBuildFile; fileRef = 7E652CFA2D0711C000137ECA /* Base */; };
		7E652CFD2D0711C100137ECA /* Assets.xcassets in Resources */ = {isa = PBXBuildFile; fileRef = 7E652CFC2D0711C100137ECA /* Assets.xcassets */; };
		7E652D002D0711C100137ECA /* Base in Resources */ = {isa = PBXBuildFile; fileRef = 7E652CFF2D0711C100137ECA /* Base */; };
		7E652D102D0718B200137ECA /* GoogleService-Info.plist in Resources */ = {isa = PBXBuildFile; fileRef = 7E652D0F2D0718B200137ECA /* GoogleService-Info.plist */; };
		7E652D132D07218400137ECA /* ProductTableViewCell.swift in Sources */ = {isa = PBXBuildFile; fileRef = 7E652D112D07218400137ECA /* ProductTableViewCell.swift */; };
		7E652D142D07218400137ECA /* ProductTableViewCell.xib in Resources */ = {isa = PBXBuildFile; fileRef = 7E652D122D07218400137ECA /* ProductTableViewCell.xib */; };
		7E7666B62D59AFCE000F808F /* Cloudinary in Frameworks */ = {isa = PBXBuildFile; productRef = 7E7666B52D59AFCE000F808F /* Cloudinary */; };
		7E78EC392D08353C001A3782 /* UIViewController+Extension.swift in Sources */ = {isa = PBXBuildFile; fileRef = 7E78EC382D08353C001A3782 /* UIViewController+Extension.swift */; };
		7E847A102D19ECED00D1DE23 /* Order.swift in Sources */ = {isa = PBXBuildFile; fileRef = 7E847A0F2D19ECED00D1DE23 /* Order.swift */; };
		7E847A122D19ED7700D1DE23 /* OrderViewModel.swift in Sources */ = {isa = PBXBuildFile; fileRef = 7E847A112D19ED7700D1DE23 /* OrderViewModel.swift */; };
		7E847A202D1B60CC00D1DE23 /* ProductAddedViewController.swift in Sources */ = {isa = PBXBuildFile; fileRef = 7E847A1F2D1B60CC00D1DE23 /* ProductAddedViewController.swift */; };
		7EA908C42D4FBF600022B673 /* FirebaseAnalytics in Frameworks */ = {isa = PBXBuildFile; productRef = 7EA908C32D4FBF600022B673 /* FirebaseAnalytics */; };
		7EA908C62D4FBF600022B673 /* FirebaseAnalyticsOnDeviceConversion in Frameworks */ = {isa = PBXBuildFile; productRef = 7EA908C52D4FBF600022B673 /* FirebaseAnalyticsOnDeviceConversion */; };
		7EA908C82D4FBF600022B673 /* FirebaseAnalyticsWithoutAdIdSupport in Frameworks */ = {isa = PBXBuildFile; productRef = 7EA908C72D4FBF600022B673 /* FirebaseAnalyticsWithoutAdIdSupport */; };
		7EA908CA2D4FBF600022B673 /* FirebaseAppCheck in Frameworks */ = {isa = PBXBuildFile; productRef = 7EA908C92D4FBF600022B673 /* FirebaseAppCheck */; };
		7EA908CC2D4FBF600022B673 /* FirebaseAppDistribution-Beta in Frameworks */ = {isa = PBXBuildFile; productRef = 7EA908CB2D4FBF600022B673 /* FirebaseAppDistribution-Beta */; };
		7EA908CE2D4FBF600022B673 /* FirebaseAuth in Frameworks */ = {isa = PBXBuildFile; productRef = 7EA908CD2D4FBF600022B673 /* FirebaseAuth */; };
		7EA908D02D4FBF600022B673 /* FirebaseAuthCombine-Community in Frameworks */ = {isa = PBXBuildFile; productRef = 7EA908CF2D4FBF600022B673 /* FirebaseAuthCombine-Community */; };
		7EA908D22D4FBF600022B673 /* FirebaseCore in Frameworks */ = {isa = PBXBuildFile; productRef = 7EA908D12D4FBF600022B673 /* FirebaseCore */; };
		7EA908D42D4FBF600022B673 /* FirebaseCrashlytics in Frameworks */ = {isa = PBXBuildFile; productRef = 7EA908D32D4FBF600022B673 /* FirebaseCrashlytics */; };
		7EA908D62D4FBF600022B673 /* FirebaseDatabase in Frameworks */ = {isa = PBXBuildFile; productRef = 7EA908D52D4FBF600022B673 /* FirebaseDatabase */; };
		7EA908D82D4FBF600022B673 /* FirebaseDynamicLinks in Frameworks */ = {isa = PBXBuildFile; productRef = 7EA908D72D4FBF600022B673 /* FirebaseDynamicLinks */; };
		7EA908DA2D4FBF600022B673 /* FirebaseFirestore in Frameworks */ = {isa = PBXBuildFile; productRef = 7EA908D92D4FBF600022B673 /* FirebaseFirestore */; };
		7EA908DC2D4FBF600022B673 /* FirebaseFirestoreCombine-Community in Frameworks */ = {isa = PBXBuildFile; productRef = 7EA908DB2D4FBF600022B673 /* FirebaseFirestoreCombine-Community */; };
		7EA908DE2D4FBF600022B673 /* FirebaseFunctions in Frameworks */ = {isa = PBXBuildFile; productRef = 7EA908DD2D4FBF600022B673 /* FirebaseFunctions */; };
		7EA908E02D4FBF600022B673 /* FirebaseFunctionsCombine-Community in Frameworks */ = {isa = PBXBuildFile; productRef = 7EA908DF2D4FBF600022B673 /* FirebaseFunctionsCombine-Community */; };
		7EA908E22D4FBF600022B673 /* FirebaseInAppMessaging-Beta in Frameworks */ = {isa = PBXBuildFile; productRef = 7EA908E12D4FBF600022B673 /* FirebaseInAppMessaging-Beta */; };
		7EA908E42D4FBF600022B673 /* FirebaseInstallations in Frameworks */ = {isa = PBXBuildFile; productRef = 7EA908E32D4FBF600022B673 /* FirebaseInstallations */; };
		7EA908E62D4FBF600022B673 /* FirebaseMLModelDownloader in Frameworks */ = {isa = PBXBuildFile; productRef = 7EA908E52D4FBF600022B673 /* FirebaseMLModelDownloader */; };
		7EA908E82D4FBF600022B673 /* FirebaseMessaging in Frameworks */ = {isa = PBXBuildFile; productRef = 7EA908E72D4FBF600022B673 /* FirebaseMessaging */; };
		7EA908EA2D4FBF600022B673 /* FirebasePerformance in Frameworks */ = {isa = PBXBuildFile; productRef = 7EA908E92D4FBF600022B673 /* FirebasePerformance */; };
		7EA908EC2D4FBF600022B673 /* FirebaseRemoteConfig in Frameworks */ = {isa = PBXBuildFile; productRef = 7EA908EB2D4FBF600022B673 /* FirebaseRemoteConfig */; };
		7EA908EE2D4FBF600022B673 /* FirebaseStorage in Frameworks */ = {isa = PBXBuildFile; productRef = 7EA908ED2D4FBF600022B673 /* FirebaseStorage */; };
		7EA908F02D4FBF600022B673 /* FirebaseStorageCombine-Community in Frameworks */ = {isa = PBXBuildFile; productRef = 7EA908EF2D4FBF600022B673 /* FirebaseStorageCombine-Community */; };
		7EA908F22D4FBF600022B673 /* FirebaseVertexAI in Frameworks */ = {isa = PBXBuildFile; productRef = 7EA908F12D4FBF600022B673 /* FirebaseVertexAI */; };
		7EB852AE2D0DD3EA009FAC62 /* ProductViewModel.swift in Sources */ = {isa = PBXBuildFile; fileRef = 7EB852AD2D0DD3EA009FAC62 /* ProductViewModel.swift */; };
		7EBED5E12D077BAB00E7CACB /* OrderViewController+TableView.swift in Sources */ = {isa = PBXBuildFile; fileRef = 7EBED5E02D077BAB00E7CACB /* OrderViewController+TableView.swift */; };
		7EBED5E32D07837F00E7CACB /* UIView+Extension.swift in Sources */ = {isa = PBXBuildFile; fileRef = 7EBED5E22D07837F00E7CACB /* UIView+Extension.swift */; };
		7ED81A032D4BD37800E4F272 /* BottomSheetViewModel.swift in Sources */ = {isa = PBXBuildFile; fileRef = 7ED81A022D4BD37800E4F272 /* BottomSheetViewModel.swift */; };
		7ED81A052D4BD3F900E4F272 /* BottomSheetViewController.swift in Sources */ = {isa = PBXBuildFile; fileRef = 7ED81A042D4BD3F900E4F272 /* BottomSheetViewController.swift */; };
		7EF612D22D518CC2003B1DF1 /* Kingfisher in Frameworks */ = {isa = PBXBuildFile; productRef = 7EF612D12D518CC2003B1DF1 /* Kingfisher */; };
/* End PBXBuildFile section */

/* Begin PBXFileReference section */
		7E3FB7BB2D098A2A00359003 /* FilterTypeViewModel.swift */ = {isa = PBXFileReference; lastKnownFileType = sourcecode.swift; path = FilterTypeViewModel.swift; sourceTree = "<group>"; };
		7E3FB7BD2D098E0600359003 /* FilterViewController.swift */ = {isa = PBXFileReference; lastKnownFileType = sourcecode.swift; path = FilterViewController.swift; sourceTree = "<group>"; };
		7E652CF02D0711C000137ECA /* CheapEatsRestaurantApp.app */ = {isa = PBXFileReference; explicitFileType = wrapper.application; includeInIndex = 0; path = CheapEatsRestaurantApp.app; sourceTree = BUILT_PRODUCTS_DIR; };
		7E652CF32D0711C000137ECA /* AppDelegate.swift */ = {isa = PBXFileReference; lastKnownFileType = sourcecode.swift; path = AppDelegate.swift; sourceTree = "<group>"; };
		7E652CF52D0711C000137ECA /* SceneDelegate.swift */ = {isa = PBXFileReference; lastKnownFileType = sourcecode.swift; path = SceneDelegate.swift; sourceTree = "<group>"; };
		7E652CF72D0711C000137ECA /* OrderViewController.swift */ = {isa = PBXFileReference; lastKnownFileType = sourcecode.swift; path = OrderViewController.swift; sourceTree = "<group>"; };
		7E652CFA2D0711C000137ECA /* Base */ = {isa = PBXFileReference; lastKnownFileType = file.storyboard; name = Base; path = Base.lproj/Main.storyboard; sourceTree = "<group>"; };
		7E652CFC2D0711C100137ECA /* Assets.xcassets */ = {isa = PBXFileReference; lastKnownFileType = folder.assetcatalog; path = Assets.xcassets; sourceTree = "<group>"; };
		7E652CFF2D0711C100137ECA /* Base */ = {isa = PBXFileReference; lastKnownFileType = file.storyboard; name = Base; path = Base.lproj/LaunchScreen.storyboard; sourceTree = "<group>"; };
		7E652D012D0711C100137ECA /* Info.plist */ = {isa = PBXFileReference; lastKnownFileType = text.plist.xml; path = Info.plist; sourceTree = "<group>"; };
		7E652D0F2D0718B200137ECA /* GoogleService-Info.plist */ = {isa = PBXFileReference; fileEncoding = 4; lastKnownFileType = text.plist.xml; path = "GoogleService-Info.plist"; sourceTree = "<group>"; };
		7E652D112D07218400137ECA /* ProductTableViewCell.swift */ = {isa = PBXFileReference; lastKnownFileType = sourcecode.swift; path = ProductTableViewCell.swift; sourceTree = "<group>"; };
		7E652D122D07218400137ECA /* ProductTableViewCell.xib */ = {isa = PBXFileReference; lastKnownFileType = file.xib; path = ProductTableViewCell.xib; sourceTree = "<group>"; };
		7E78EC382D08353C001A3782 /* UIViewController+Extension.swift */ = {isa = PBXFileReference; lastKnownFileType = sourcecode.swift; path = "UIViewController+Extension.swift"; sourceTree = "<group>"; };
		7E847A0F2D19ECED00D1DE23 /* Order.swift */ = {isa = PBXFileReference; lastKnownFileType = sourcecode.swift; path = Order.swift; sourceTree = "<group>"; };
		7E847A112D19ED7700D1DE23 /* OrderViewModel.swift */ = {isa = PBXFileReference; lastKnownFileType = sourcecode.swift; path = OrderViewModel.swift; sourceTree = "<group>"; };
		7E847A1F2D1B60CC00D1DE23 /* ProductAddedViewController.swift */ = {isa = PBXFileReference; lastKnownFileType = sourcecode.swift; path = ProductAddedViewController.swift; sourceTree = "<group>"; };
		7EB852AD2D0DD3EA009FAC62 /* ProductViewModel.swift */ = {isa = PBXFileReference; lastKnownFileType = sourcecode.swift; path = ProductViewModel.swift; sourceTree = "<group>"; };
		7EBED5E02D077BAB00E7CACB /* OrderViewController+TableView.swift */ = {isa = PBXFileReference; lastKnownFileType = sourcecode.swift; path = "OrderViewController+TableView.swift"; sourceTree = "<group>"; };
		7EBED5E22D07837F00E7CACB /* UIView+Extension.swift */ = {isa = PBXFileReference; lastKnownFileType = sourcecode.swift; path = "UIView+Extension.swift"; sourceTree = "<group>"; };
		7ED81A022D4BD37800E4F272 /* BottomSheetViewModel.swift */ = {isa = PBXFileReference; lastKnownFileType = sourcecode.swift; path = BottomSheetViewModel.swift; sourceTree = "<group>"; };
		7ED81A042D4BD3F900E4F272 /* BottomSheetViewController.swift */ = {isa = PBXFileReference; lastKnownFileType = sourcecode.swift; path = BottomSheetViewController.swift; sourceTree = "<group>"; };
/* End PBXFileReference section */

/* Begin PBXFrameworksBuildPhase section */
		7E652CED2D0711C000137ECA /* Frameworks */ = {
			isa = PBXFrameworksBuildPhase;
			buildActionMask = 2147483647;
			files = (
				7EA908C42D4FBF600022B673 /* FirebaseAnalytics in Frameworks */,
				7EA908DA2D4FBF600022B673 /* FirebaseFirestore in Frameworks */,
				7EA908C62D4FBF600022B673 /* FirebaseAnalyticsOnDeviceConversion in Frameworks */,
				7EA908E42D4FBF600022B673 /* FirebaseInstallations in Frameworks */,
				7E7666B62D59AFCE000F808F /* Cloudinary in Frameworks */,
				7EA908CA2D4FBF600022B673 /* FirebaseAppCheck in Frameworks */,
				7EA908E22D4FBF600022B673 /* FirebaseInAppMessaging-Beta in Frameworks */,
				7EA908C82D4FBF600022B673 /* FirebaseAnalyticsWithoutAdIdSupport in Frameworks */,
				7EF612D22D518CC2003B1DF1 /* Kingfisher in Frameworks */,
				7EA908CE2D4FBF600022B673 /* FirebaseAuth in Frameworks */,
				7EA908E02D4FBF600022B673 /* FirebaseFunctionsCombine-Community in Frameworks */,
				7EA908F02D4FBF600022B673 /* FirebaseStorageCombine-Community in Frameworks */,
				7EA908CC2D4FBF600022B673 /* FirebaseAppDistribution-Beta in Frameworks */,
				7EA908F22D4FBF600022B673 /* FirebaseVertexAI in Frameworks */,
				7EA908EE2D4FBF600022B673 /* FirebaseStorage in Frameworks */,
				7EA908EC2D4FBF600022B673 /* FirebaseRemoteConfig in Frameworks */,
				7EA908D42D4FBF600022B673 /* FirebaseCrashlytics in Frameworks */,
				7EA908E82D4FBF600022B673 /* FirebaseMessaging in Frameworks */,
				7EA908E62D4FBF600022B673 /* FirebaseMLModelDownloader in Frameworks */,
				7EA908EA2D4FBF600022B673 /* FirebasePerformance in Frameworks */,
				7EA908D62D4FBF600022B673 /* FirebaseDatabase in Frameworks */,
				7EA908D22D4FBF600022B673 /* FirebaseCore in Frameworks */,
				7EA908D02D4FBF600022B673 /* FirebaseAuthCombine-Community in Frameworks */,
				7EA908DE2D4FBF600022B673 /* FirebaseFunctions in Frameworks */,
				7EA908D82D4FBF600022B673 /* FirebaseDynamicLinks in Frameworks */,
				7EA908DC2D4FBF600022B673 /* FirebaseFirestoreCombine-Community in Frameworks */,
				7E1489582D67C93800E99F58 /* EasyTipView in Frameworks */,
			);
			runOnlyForDeploymentPostprocessing = 0;
		};
/* End PBXFrameworksBuildPhase section */

/* Begin PBXGroup section */
		7E445D092D38024E00BEDD0C /* Model */ = {
			isa = PBXGroup;
			children = (
				7E847A0F2D19ECED00D1DE23 /* Order.swift */,
			);
			path = Model;
			sourceTree = "<group>";
		};
		7E445D0A2D3802C700BEDD0C /* SubView */ = {
			isa = PBXGroup;
			children = (
				7E652D112D07218400137ECA /* ProductTableViewCell.swift */,
				7E652D122D07218400137ECA /* ProductTableViewCell.xib */,
			);
			path = SubView;
			sourceTree = "<group>";
		};
		7E445D0B2D3802FB00BEDD0C /* ViewModel */ = {
			isa = PBXGroup;
			children = (
				7E3FB7BB2D098A2A00359003 /* FilterTypeViewModel.swift */,
				7EB852AD2D0DD3EA009FAC62 /* ProductViewModel.swift */,
				7E847A112D19ED7700D1DE23 /* OrderViewModel.swift */,
				7ED81A022D4BD37800E4F272 /* BottomSheetViewModel.swift */,
			);
			path = ViewModel;
			sourceTree = "<group>";
		};
		7E445D132D38055900BEDD0C /* Extension */ = {
			isa = PBXGroup;
			children = (
				7EBED5E22D07837F00E7CACB /* UIView+Extension.swift */,
				7E78EC382D08353C001A3782 /* UIViewController+Extension.swift */,
			);
			path = Extension;
			sourceTree = "<group>";
		};
		7E652CE72D0711C000137ECA = {
			isa = PBXGroup;
			children = (
				7E652CF22D0711C000137ECA /* CheapEatsRestaurantApp */,
				7E652CF12D0711C000137ECA /* Products */,
			);
			sourceTree = "<group>";
		};
		7E652CF12D0711C000137ECA /* Products */ = {
			isa = PBXGroup;
			children = (
				7E652CF02D0711C000137ECA /* CheapEatsRestaurantApp.app */,
			);
			name = Products;
			sourceTree = "<group>";
		};
		7E652CF22D0711C000137ECA /* CheapEatsRestaurantApp */ = {
			isa = PBXGroup;
			children = (
				7E652D072D0715CB00137ECA /* Core */,
				7E652D082D0716BA00137ECA /* Feature */,
				7E652CF92D0711C000137ECA /* Main.storyboard */,
				7E652D012D0711C100137ECA /* Info.plist */,
				7E652D0F2D0718B200137ECA /* GoogleService-Info.plist */,
			);
			path = CheapEatsRestaurantApp;
			sourceTree = "<group>";
		};
		7E652D072D0715CB00137ECA /* Core */ = {
			isa = PBXGroup;
			children = (
				7E652CF32D0711C000137ECA /* AppDelegate.swift */,
				7E652CF52D0711C000137ECA /* SceneDelegate.swift */,
				7E652CFE2D0711C100137ECA /* LaunchScreen.storyboard */,
				7E652CFC2D0711C100137ECA /* Assets.xcassets */,
			);
			path = Core;
			sourceTree = "<group>";
		};
		7E652D082D0716BA00137ECA /* Feature */ = {
			isa = PBXGroup;
			children = (
				7E445D132D38055900BEDD0C /* Extension */,
				7E652D0A2D07175E00137ECA /* NetworkLayer */,
				7E445D092D38024E00BEDD0C /* Model */,
				7E652D0C2D07177E00137ECA /* View */,
				7E445D0B2D3802FB00BEDD0C /* ViewModel */,
			);
			path = Feature;
			sourceTree = "<group>";
		};
		7E652D0A2D07175E00137ECA /* NetworkLayer */ = {
			isa = PBXGroup;
			children = (
			);
			path = NetworkLayer;
			sourceTree = "<group>";
		};
		7E652D0C2D07177E00137ECA /* View */ = {
			isa = PBXGroup;
			children = (
				7E445D0A2D3802C700BEDD0C /* SubView */,
				7E652CF72D0711C000137ECA /* OrderViewController.swift */,
				7EBED5E02D077BAB00E7CACB /* OrderViewController+TableView.swift */,
				7E3FB7BD2D098E0600359003 /* FilterViewController.swift */,
				7E847A1F2D1B60CC00D1DE23 /* ProductAddedViewController.swift */,
				7ED81A042D4BD3F900E4F272 /* BottomSheetViewController.swift */,
			);
			path = View;
			sourceTree = "<group>";
		};
/* End PBXGroup section */

/* Begin PBXNativeTarget section */
		7E652CEF2D0711C000137ECA /* CheapEatsRestaurantApp */ = {
			isa = PBXNativeTarget;
			buildConfigurationList = 7E652D042D0711C100137ECA /* Build configuration list for PBXNativeTarget "CheapEatsRestaurantApp" */;
			buildPhases = (
				7E652CEC2D0711C000137ECA /* Sources */,
				7E652CED2D0711C000137ECA /* Frameworks */,
				7E652CEE2D0711C000137ECA /* Resources */,
			);
			buildRules = (
			);
			dependencies = (
			);
			name = CheapEatsRestaurantApp;
			packageProductDependencies = (
				7EA908C32D4FBF600022B673 /* FirebaseAnalytics */,
				7EA908C52D4FBF600022B673 /* FirebaseAnalyticsOnDeviceConversion */,
				7EA908C72D4FBF600022B673 /* FirebaseAnalyticsWithoutAdIdSupport */,
				7EA908C92D4FBF600022B673 /* FirebaseAppCheck */,
				7EA908CB2D4FBF600022B673 /* FirebaseAppDistribution-Beta */,
				7EA908CD2D4FBF600022B673 /* FirebaseAuth */,
				7EA908CF2D4FBF600022B673 /* FirebaseAuthCombine-Community */,
				7EA908D12D4FBF600022B673 /* FirebaseCore */,
				7EA908D32D4FBF600022B673 /* FirebaseCrashlytics */,
				7EA908D52D4FBF600022B673 /* FirebaseDatabase */,
				7EA908D72D4FBF600022B673 /* FirebaseDynamicLinks */,
				7EA908D92D4FBF600022B673 /* FirebaseFirestore */,
				7EA908DB2D4FBF600022B673 /* FirebaseFirestoreCombine-Community */,
				7EA908DD2D4FBF600022B673 /* FirebaseFunctions */,
				7EA908DF2D4FBF600022B673 /* FirebaseFunctionsCombine-Community */,
				7EA908E12D4FBF600022B673 /* FirebaseInAppMessaging-Beta */,
				7EA908E32D4FBF600022B673 /* FirebaseInstallations */,
				7EA908E52D4FBF600022B673 /* FirebaseMLModelDownloader */,
				7EA908E72D4FBF600022B673 /* FirebaseMessaging */,
				7EA908E92D4FBF600022B673 /* FirebasePerformance */,
				7EA908EB2D4FBF600022B673 /* FirebaseRemoteConfig */,
				7EA908ED2D4FBF600022B673 /* FirebaseStorage */,
				7EA908EF2D4FBF600022B673 /* FirebaseStorageCombine-Community */,
				7EA908F12D4FBF600022B673 /* FirebaseVertexAI */,
				7EF612D12D518CC2003B1DF1 /* Kingfisher */,
				7E7666B52D59AFCE000F808F /* Cloudinary */,
				7E1489572D67C93800E99F58 /* EasyTipView */,
			);
			productName = CheapEatsRestaurantApp;
			productReference = 7E652CF02D0711C000137ECA /* CheapEatsRestaurantApp.app */;
			productType = "com.apple.product-type.application";
		};
/* End PBXNativeTarget section */

/* Begin PBXProject section */
		7E652CE82D0711C000137ECA /* Project object */ = {
			isa = PBXProject;
			attributes = {
				BuildIndependentTargetsInParallel = 1;
				LastSwiftUpdateCheck = 1540;
				LastUpgradeCheck = 1540;
				TargetAttributes = {
					7E652CEF2D0711C000137ECA = {
						CreatedOnToolsVersion = 15.4;
					};
				};
			};
			buildConfigurationList = 7E652CEB2D0711C000137ECA /* Build configuration list for PBXProject "CheapEatsRestaurantApp" */;
			compatibilityVersion = "Xcode 14.0";
			developmentRegion = en;
			hasScannedForEncodings = 0;
			knownRegions = (
				en,
				Base,
			);
			mainGroup = 7E652CE72D0711C000137ECA;
			packageReferences = (
				7EA908C22D4FBF600022B673 /* XCRemoteSwiftPackageReference "firebase-ios-sdk" */,
				7EF612D02D518CC2003B1DF1 /* XCRemoteSwiftPackageReference "Kingfisher" */,
				7E7666B42D59AFCE000F808F /* XCRemoteSwiftPackageReference "cloudinary_ios" */,
				7E1489562D67C93800E99F58 /* XCRemoteSwiftPackageReference "EasyTipView" */,
			);
			productRefGroup = 7E652CF12D0711C000137ECA /* Products */;
			projectDirPath = "";
			projectRoot = "";
			targets = (
				7E652CEF2D0711C000137ECA /* CheapEatsRestaurantApp */,
			);
		};
/* End PBXProject section */

/* Begin PBXResourcesBuildPhase section */
		7E652CEE2D0711C000137ECA /* Resources */ = {
			isa = PBXResourcesBuildPhase;
			buildActionMask = 2147483647;
			files = (
				7E652CFD2D0711C100137ECA /* Assets.xcassets in Resources */,
				7E652D102D0718B200137ECA /* GoogleService-Info.plist in Resources */,
				7E652D002D0711C100137ECA /* Base in Resources */,
				7E652CFB2D0711C000137ECA /* Base in Resources */,
				7E652D142D07218400137ECA /* ProductTableViewCell.xib in Resources */,
			);
			runOnlyForDeploymentPostprocessing = 0;
		};
/* End PBXResourcesBuildPhase section */

/* Begin PBXSourcesBuildPhase section */
		7E652CEC2D0711C000137ECA /* Sources */ = {
			isa = PBXSourcesBuildPhase;
			buildActionMask = 2147483647;
			files = (
				7EBED5E32D07837F00E7CACB /* UIView+Extension.swift in Sources */,
				7E652D132D07218400137ECA /* ProductTableViewCell.swift in Sources */,
				7E3FB7BC2D098A2B00359003 /* FilterTypeViewModel.swift in Sources */,
				7EB852AE2D0DD3EA009FAC62 /* ProductViewModel.swift in Sources */,
				7E3FB7BE2D098E0600359003 /* FilterViewController.swift in Sources */,
				7E652CF82D0711C000137ECA /* OrderViewController.swift in Sources */,
				7EBED5E12D077BAB00E7CACB /* OrderViewController+TableView.swift in Sources */,
				7E78EC392D08353C001A3782 /* UIViewController+Extension.swift in Sources */,
				7E847A202D1B60CC00D1DE23 /* ProductAddedViewController.swift in Sources */,
				7ED81A032D4BD37800E4F272 /* BottomSheetViewModel.swift in Sources */,
				7E652CF42D0711C000137ECA /* AppDelegate.swift in Sources */,
				7ED81A052D4BD3F900E4F272 /* BottomSheetViewController.swift in Sources */,
				7E652CF62D0711C000137ECA /* SceneDelegate.swift in Sources */,
				7E847A122D19ED7700D1DE23 /* OrderViewModel.swift in Sources */,
				7E847A102D19ECED00D1DE23 /* Order.swift in Sources */,
			);
			runOnlyForDeploymentPostprocessing = 0;
		};
/* End PBXSourcesBuildPhase section */

/* Begin PBXVariantGroup section */
		7E652CF92D0711C000137ECA /* Main.storyboard */ = {
			isa = PBXVariantGroup;
			children = (
				7E652CFA2D0711C000137ECA /* Base */,
			);
			name = Main.storyboard;
			sourceTree = "<group>";
		};
		7E652CFE2D0711C100137ECA /* LaunchScreen.storyboard */ = {
			isa = PBXVariantGroup;
			children = (
				7E652CFF2D0711C100137ECA /* Base */,
			);
			name = LaunchScreen.storyboard;
			sourceTree = "<group>";
		};
/* End PBXVariantGroup section */

/* Begin XCBuildConfiguration section */
		7E652D022D0711C100137ECA /* Debug */ = {
			isa = XCBuildConfiguration;
			buildSettings = {
				ALWAYS_SEARCH_USER_PATHS = NO;
				ASSETCATALOG_COMPILER_GENERATE_SWIFT_ASSET_SYMBOL_EXTENSIONS = YES;
				CLANG_ANALYZER_NONNULL = YES;
				CLANG_ANALYZER_NUMBER_OBJECT_CONVERSION = YES_AGGRESSIVE;
				CLANG_CXX_LANGUAGE_STANDARD = "gnu++20";
				CLANG_ENABLE_MODULES = YES;
				CLANG_ENABLE_OBJC_ARC = YES;
				CLANG_ENABLE_OBJC_WEAK = YES;
				CLANG_WARN_BLOCK_CAPTURE_AUTORELEASING = YES;
				CLANG_WARN_BOOL_CONVERSION = YES;
				CLANG_WARN_COMMA = YES;
				CLANG_WARN_CONSTANT_CONVERSION = YES;
				CLANG_WARN_DEPRECATED_OBJC_IMPLEMENTATIONS = YES;
				CLANG_WARN_DIRECT_OBJC_ISA_USAGE = YES_ERROR;
				CLANG_WARN_DOCUMENTATION_COMMENTS = YES;
				CLANG_WARN_EMPTY_BODY = YES;
				CLANG_WARN_ENUM_CONVERSION = YES;
				CLANG_WARN_INFINITE_RECURSION = YES;
				CLANG_WARN_INT_CONVERSION = YES;
				CLANG_WARN_NON_LITERAL_NULL_CONVERSION = YES;
				CLANG_WARN_OBJC_IMPLICIT_RETAIN_SELF = YES;
				CLANG_WARN_OBJC_LITERAL_CONVERSION = YES;
				CLANG_WARN_OBJC_ROOT_CLASS = YES_ERROR;
				CLANG_WARN_QUOTED_INCLUDE_IN_FRAMEWORK_HEADER = YES;
				CLANG_WARN_RANGE_LOOP_ANALYSIS = YES;
				CLANG_WARN_STRICT_PROTOTYPES = YES;
				CLANG_WARN_SUSPICIOUS_MOVE = YES;
				CLANG_WARN_UNGUARDED_AVAILABILITY = YES_AGGRESSIVE;
				CLANG_WARN_UNREACHABLE_CODE = YES;
				CLANG_WARN__DUPLICATE_METHOD_MATCH = YES;
				COPY_PHASE_STRIP = NO;
				DEBUG_INFORMATION_FORMAT = dwarf;
				ENABLE_STRICT_OBJC_MSGSEND = YES;
				ENABLE_TESTABILITY = YES;
				ENABLE_USER_SCRIPT_SANDBOXING = YES;
				GCC_C_LANGUAGE_STANDARD = gnu17;
				GCC_DYNAMIC_NO_PIC = NO;
				GCC_NO_COMMON_BLOCKS = YES;
				GCC_OPTIMIZATION_LEVEL = 0;
				GCC_PREPROCESSOR_DEFINITIONS = (
					"DEBUG=1",
					"$(inherited)",
				);
				GCC_WARN_64_TO_32_BIT_CONVERSION = YES;
				GCC_WARN_ABOUT_RETURN_TYPE = YES_ERROR;
				GCC_WARN_UNDECLARED_SELECTOR = YES;
				GCC_WARN_UNINITIALIZED_AUTOS = YES_AGGRESSIVE;
				GCC_WARN_UNUSED_FUNCTION = YES;
				GCC_WARN_UNUSED_VARIABLE = YES;
				IPHONEOS_DEPLOYMENT_TARGET = 17.5;
				LOCALIZATION_PREFERS_STRING_CATALOGS = YES;
				MTL_ENABLE_DEBUG_INFO = INCLUDE_SOURCE;
				MTL_FAST_MATH = YES;
				ONLY_ACTIVE_ARCH = YES;
				SDKROOT = iphoneos;
				SWIFT_ACTIVE_COMPILATION_CONDITIONS = "DEBUG $(inherited)";
				SWIFT_OPTIMIZATION_LEVEL = "-Onone";
			};
			name = Debug;
		};
		7E652D032D0711C100137ECA /* Release */ = {
			isa = XCBuildConfiguration;
			buildSettings = {
				ALWAYS_SEARCH_USER_PATHS = NO;
				ASSETCATALOG_COMPILER_GENERATE_SWIFT_ASSET_SYMBOL_EXTENSIONS = YES;
				CLANG_ANALYZER_NONNULL = YES;
				CLANG_ANALYZER_NUMBER_OBJECT_CONVERSION = YES_AGGRESSIVE;
				CLANG_CXX_LANGUAGE_STANDARD = "gnu++20";
				CLANG_ENABLE_MODULES = YES;
				CLANG_ENABLE_OBJC_ARC = YES;
				CLANG_ENABLE_OBJC_WEAK = YES;
				CLANG_WARN_BLOCK_CAPTURE_AUTORELEASING = YES;
				CLANG_WARN_BOOL_CONVERSION = YES;
				CLANG_WARN_COMMA = YES;
				CLANG_WARN_CONSTANT_CONVERSION = YES;
				CLANG_WARN_DEPRECATED_OBJC_IMPLEMENTATIONS = YES;
				CLANG_WARN_DIRECT_OBJC_ISA_USAGE = YES_ERROR;
				CLANG_WARN_DOCUMENTATION_COMMENTS = YES;
				CLANG_WARN_EMPTY_BODY = YES;
				CLANG_WARN_ENUM_CONVERSION = YES;
				CLANG_WARN_INFINITE_RECURSION = YES;
				CLANG_WARN_INT_CONVERSION = YES;
				CLANG_WARN_NON_LITERAL_NULL_CONVERSION = YES;
				CLANG_WARN_OBJC_IMPLICIT_RETAIN_SELF = YES;
				CLANG_WARN_OBJC_LITERAL_CONVERSION = YES;
				CLANG_WARN_OBJC_ROOT_CLASS = YES_ERROR;
				CLANG_WARN_QUOTED_INCLUDE_IN_FRAMEWORK_HEADER = YES;
				CLANG_WARN_RANGE_LOOP_ANALYSIS = YES;
				CLANG_WARN_STRICT_PROTOTYPES = YES;
				CLANG_WARN_SUSPICIOUS_MOVE = YES;
				CLANG_WARN_UNGUARDED_AVAILABILITY = YES_AGGRESSIVE;
				CLANG_WARN_UNREACHABLE_CODE = YES;
				CLANG_WARN__DUPLICATE_METHOD_MATCH = YES;
				COPY_PHASE_STRIP = NO;
				DEBUG_INFORMATION_FORMAT = "dwarf-with-dsym";
				ENABLE_NS_ASSERTIONS = NO;
				ENABLE_STRICT_OBJC_MSGSEND = YES;
				ENABLE_USER_SCRIPT_SANDBOXING = YES;
				GCC_C_LANGUAGE_STANDARD = gnu17;
				GCC_NO_COMMON_BLOCKS = YES;
				GCC_WARN_64_TO_32_BIT_CONVERSION = YES;
				GCC_WARN_ABOUT_RETURN_TYPE = YES_ERROR;
				GCC_WARN_UNDECLARED_SELECTOR = YES;
				GCC_WARN_UNINITIALIZED_AUTOS = YES_AGGRESSIVE;
				GCC_WARN_UNUSED_FUNCTION = YES;
				GCC_WARN_UNUSED_VARIABLE = YES;
				IPHONEOS_DEPLOYMENT_TARGET = 17.5;
				LOCALIZATION_PREFERS_STRING_CATALOGS = YES;
				MTL_ENABLE_DEBUG_INFO = NO;
				MTL_FAST_MATH = YES;
				SDKROOT = iphoneos;
				SWIFT_COMPILATION_MODE = wholemodule;
				VALIDATE_PRODUCT = YES;
			};
			name = Release;
		};
		7E652D052D0711C100137ECA /* Debug */ = {
			isa = XCBuildConfiguration;
			buildSettings = {
				ASSETCATALOG_COMPILER_APPICON_NAME = AppIcon;
				ASSETCATALOG_COMPILER_GLOBAL_ACCENT_COLOR_NAME = AccentColor;
				CODE_SIGN_STYLE = Automatic;
				CURRENT_PROJECT_VERSION = 1;
				GENERATE_INFOPLIST_FILE = YES;
				INFOPLIST_FILE = CheapEatsRestaurantApp/Info.plist;
				INFOPLIST_KEY_UIApplicationSupportsIndirectInputEvents = YES;
				INFOPLIST_KEY_UILaunchStoryboardName = LaunchScreen;
				INFOPLIST_KEY_UIMainStoryboardFile = Main;
				INFOPLIST_KEY_UISupportedInterfaceOrientations_iPad = "UIInterfaceOrientationPortrait UIInterfaceOrientationPortraitUpsideDown UIInterfaceOrientationLandscapeLeft UIInterfaceOrientationLandscapeRight";
				INFOPLIST_KEY_UISupportedInterfaceOrientations_iPhone = "UIInterfaceOrientationPortrait UIInterfaceOrientationLandscapeLeft UIInterfaceOrientationLandscapeRight";
				IPHONEOS_DEPLOYMENT_TARGET = 17.4;
				LD_RUNPATH_SEARCH_PATHS = (
					"$(inherited)",
					"@executable_path/Frameworks",
				);
				MARKETING_VERSION = 1.0;
				PRODUCT_BUNDLE_IDENTIFIER = com.cansu.CheapEatsRestaurantApp;
				PRODUCT_NAME = "$(TARGET_NAME)";
				SWIFT_EMIT_LOC_STRINGS = YES;
				SWIFT_VERSION = 5.0;
				TARGETED_DEVICE_FAMILY = "1,2";
			};
			name = Debug;
		};
		7E652D062D0711C100137ECA /* Release */ = {
			isa = XCBuildConfiguration;
			buildSettings = {
				ASSETCATALOG_COMPILER_APPICON_NAME = AppIcon;
				ASSETCATALOG_COMPILER_GLOBAL_ACCENT_COLOR_NAME = AccentColor;
				CODE_SIGN_STYLE = Automatic;
				CURRENT_PROJECT_VERSION = 1;
				GENERATE_INFOPLIST_FILE = YES;
				INFOPLIST_FILE = CheapEatsRestaurantApp/Info.plist;
				INFOPLIST_KEY_UIApplicationSupportsIndirectInputEvents = YES;
				INFOPLIST_KEY_UILaunchStoryboardName = LaunchScreen;
				INFOPLIST_KEY_UIMainStoryboardFile = Main;
				INFOPLIST_KEY_UISupportedInterfaceOrientations_iPad = "UIInterfaceOrientationPortrait UIInterfaceOrientationPortraitUpsideDown UIInterfaceOrientationLandscapeLeft UIInterfaceOrientationLandscapeRight";
				INFOPLIST_KEY_UISupportedInterfaceOrientations_iPhone = "UIInterfaceOrientationPortrait UIInterfaceOrientationLandscapeLeft UIInterfaceOrientationLandscapeRight";
				IPHONEOS_DEPLOYMENT_TARGET = 17.4;
				LD_RUNPATH_SEARCH_PATHS = (
					"$(inherited)",
					"@executable_path/Frameworks",
				);
				MARKETING_VERSION = 1.0;
				PRODUCT_BUNDLE_IDENTIFIER = com.cansu.CheapEatsRestaurantApp;
				PRODUCT_NAME = "$(TARGET_NAME)";
				SWIFT_EMIT_LOC_STRINGS = YES;
				SWIFT_VERSION = 5.0;
				TARGETED_DEVICE_FAMILY = "1,2";
			};
			name = Release;
		};
/* End XCBuildConfiguration section */

/* Begin XCConfigurationList section */
		7E652CEB2D0711C000137ECA /* Build configuration list for PBXProject "CheapEatsRestaurantApp" */ = {
			isa = XCConfigurationList;
			buildConfigurations = (
				7E652D022D0711C100137ECA /* Debug */,
				7E652D032D0711C100137ECA /* Release */,
			);
			defaultConfigurationIsVisible = 0;
			defaultConfigurationName = Release;
		};
		7E652D042D0711C100137ECA /* Build configuration list for PBXNativeTarget "CheapEatsRestaurantApp" */ = {
			isa = XCConfigurationList;
			buildConfigurations = (
				7E652D052D0711C100137ECA /* Debug */,
				7E652D062D0711C100137ECA /* Release */,
			);
			defaultConfigurationIsVisible = 0;
			defaultConfigurationName = Release;
		};
/* End XCConfigurationList section */

/* Begin XCRemoteSwiftPackageReference section */
		7E1489562D67C93800E99F58 /* XCRemoteSwiftPackageReference "EasyTipView" */ = {
			isa = XCRemoteSwiftPackageReference;
			repositoryURL = "https://github.com/teodorpatras/EasyTipView.git";
			requirement = {
				kind = upToNextMajorVersion;
				minimumVersion = 2.1.0;
			};
		};
		7E7666B42D59AFCE000F808F /* XCRemoteSwiftPackageReference "cloudinary_ios" */ = {
			isa = XCRemoteSwiftPackageReference;
			repositoryURL = "https://github.com/cloudinary/cloudinary_ios.git";
			requirement = {
				kind = upToNextMajorVersion;
				minimumVersion = 5.1.0;
			};
		};
		7EA908C22D4FBF600022B673 /* XCRemoteSwiftPackageReference "firebase-ios-sdk" */ = {
			isa = XCRemoteSwiftPackageReference;
			repositoryURL = "https://github.com/firebase/firebase-ios-sdk";
			requirement = {
				kind = upToNextMajorVersion;
				minimumVersion = 11.7.0;
			};
		};
		7EF612D02D518CC2003B1DF1 /* XCRemoteSwiftPackageReference "Kingfisher" */ = {
			isa = XCRemoteSwiftPackageReference;
			repositoryURL = "https://github.com/onevcat/Kingfisher.git";
			requirement = {
				kind = upToNextMajorVersion;
				minimumVersion = 8.1.4;
			};
		};
/* End XCRemoteSwiftPackageReference section */

/* Begin XCSwiftPackageProductDependency section */
		7E1489572D67C93800E99F58 /* EasyTipView */ = {
			isa = XCSwiftPackageProductDependency;
			package = 7E1489562D67C93800E99F58 /* XCRemoteSwiftPackageReference "EasyTipView" */;
			productName = EasyTipView;
		};
		7E7666B52D59AFCE000F808F /* Cloudinary */ = {
			isa = XCSwiftPackageProductDependency;
			package = 7E7666B42D59AFCE000F808F /* XCRemoteSwiftPackageReference "cloudinary_ios" */;
			productName = Cloudinary;
		};
		7EA908C32D4FBF600022B673 /* FirebaseAnalytics */ = {
			isa = XCSwiftPackageProductDependency;
			package = 7EA908C22D4FBF600022B673 /* XCRemoteSwiftPackageReference "firebase-ios-sdk" */;
			productName = FirebaseAnalytics;
		};
		7EA908C52D4FBF600022B673 /* FirebaseAnalyticsOnDeviceConversion */ = {
			isa = XCSwiftPackageProductDependency;
			package = 7EA908C22D4FBF600022B673 /* XCRemoteSwiftPackageReference "firebase-ios-sdk" */;
			productName = FirebaseAnalyticsOnDeviceConversion;
		};
		7EA908C72D4FBF600022B673 /* FirebaseAnalyticsWithoutAdIdSupport */ = {
			isa = XCSwiftPackageProductDependency;
			package = 7EA908C22D4FBF600022B673 /* XCRemoteSwiftPackageReference "firebase-ios-sdk" */;
			productName = FirebaseAnalyticsWithoutAdIdSupport;
		};
		7EA908C92D4FBF600022B673 /* FirebaseAppCheck */ = {
			isa = XCSwiftPackageProductDependency;
			package = 7EA908C22D4FBF600022B673 /* XCRemoteSwiftPackageReference "firebase-ios-sdk" */;
			productName = FirebaseAppCheck;
		};
		7EA908CB2D4FBF600022B673 /* FirebaseAppDistribution-Beta */ = {
			isa = XCSwiftPackageProductDependency;
			package = 7EA908C22D4FBF600022B673 /* XCRemoteSwiftPackageReference "firebase-ios-sdk" */;
			productName = "FirebaseAppDistribution-Beta";
		};
		7EA908CD2D4FBF600022B673 /* FirebaseAuth */ = {
			isa = XCSwiftPackageProductDependency;
			package = 7EA908C22D4FBF600022B673 /* XCRemoteSwiftPackageReference "firebase-ios-sdk" */;
			productName = FirebaseAuth;
		};
		7EA908CF2D4FBF600022B673 /* FirebaseAuthCombine-Community */ = {
			isa = XCSwiftPackageProductDependency;
			package = 7EA908C22D4FBF600022B673 /* XCRemoteSwiftPackageReference "firebase-ios-sdk" */;
			productName = "FirebaseAuthCombine-Community";
		};
		7EA908D12D4FBF600022B673 /* FirebaseCore */ = {
			isa = XCSwiftPackageProductDependency;
			package = 7EA908C22D4FBF600022B673 /* XCRemoteSwiftPackageReference "firebase-ios-sdk" */;
			productName = FirebaseCore;
		};
		7EA908D32D4FBF600022B673 /* FirebaseCrashlytics */ = {
			isa = XCSwiftPackageProductDependency;
			package = 7EA908C22D4FBF600022B673 /* XCRemoteSwiftPackageReference "firebase-ios-sdk" */;
			productName = FirebaseCrashlytics;
		};
		7EA908D52D4FBF600022B673 /* FirebaseDatabase */ = {
			isa = XCSwiftPackageProductDependency;
			package = 7EA908C22D4FBF600022B673 /* XCRemoteSwiftPackageReference "firebase-ios-sdk" */;
			productName = FirebaseDatabase;
		};
		7EA908D72D4FBF600022B673 /* FirebaseDynamicLinks */ = {
			isa = XCSwiftPackageProductDependency;
			package = 7EA908C22D4FBF600022B673 /* XCRemoteSwiftPackageReference "firebase-ios-sdk" */;
			productName = FirebaseDynamicLinks;
		};
		7EA908D92D4FBF600022B673 /* FirebaseFirestore */ = {
			isa = XCSwiftPackageProductDependency;
			package = 7EA908C22D4FBF600022B673 /* XCRemoteSwiftPackageReference "firebase-ios-sdk" */;
			productName = FirebaseFirestore;
		};
		7EA908DB2D4FBF600022B673 /* FirebaseFirestoreCombine-Community */ = {
			isa = XCSwiftPackageProductDependency;
			package = 7EA908C22D4FBF600022B673 /* XCRemoteSwiftPackageReference "firebase-ios-sdk" */;
			productName = "FirebaseFirestoreCombine-Community";
		};
		7EA908DD2D4FBF600022B673 /* FirebaseFunctions */ = {
			isa = XCSwiftPackageProductDependency;
			package = 7EA908C22D4FBF600022B673 /* XCRemoteSwiftPackageReference "firebase-ios-sdk" */;
			productName = FirebaseFunctions;
		};
		7EA908DF2D4FBF600022B673 /* FirebaseFunctionsCombine-Community */ = {
			isa = XCSwiftPackageProductDependency;
			package = 7EA908C22D4FBF600022B673 /* XCRemoteSwiftPackageReference "firebase-ios-sdk" */;
			productName = "FirebaseFunctionsCombine-Community";
		};
		7EA908E12D4FBF600022B673 /* FirebaseInAppMessaging-Beta */ = {
			isa = XCSwiftPackageProductDependency;
			package = 7EA908C22D4FBF600022B673 /* XCRemoteSwiftPackageReference "firebase-ios-sdk" */;
			productName = "FirebaseInAppMessaging-Beta";
		};
		7EA908E32D4FBF600022B673 /* FirebaseInstallations */ = {
			isa = XCSwiftPackageProductDependency;
			package = 7EA908C22D4FBF600022B673 /* XCRemoteSwiftPackageReference "firebase-ios-sdk" */;
			productName = FirebaseInstallations;
		};
		7EA908E52D4FBF600022B673 /* FirebaseMLModelDownloader */ = {
			isa = XCSwiftPackageProductDependency;
			package = 7EA908C22D4FBF600022B673 /* XCRemoteSwiftPackageReference "firebase-ios-sdk" */;
			productName = FirebaseMLModelDownloader;
		};
		7EA908E72D4FBF600022B673 /* FirebaseMessaging */ = {
			isa = XCSwiftPackageProductDependency;
			package = 7EA908C22D4FBF600022B673 /* XCRemoteSwiftPackageReference "firebase-ios-sdk" */;
			productName = FirebaseMessaging;
		};
		7EA908E92D4FBF600022B673 /* FirebasePerformance */ = {
			isa = XCSwiftPackageProductDependency;
			package = 7EA908C22D4FBF600022B673 /* XCRemoteSwiftPackageReference "firebase-ios-sdk" */;
			productName = FirebasePerformance;
		};
		7EA908EB2D4FBF600022B673 /* FirebaseRemoteConfig */ = {
			isa = XCSwiftPackageProductDependency;
			package = 7EA908C22D4FBF600022B673 /* XCRemoteSwiftPackageReference "firebase-ios-sdk" */;
			productName = FirebaseRemoteConfig;
		};
		7EA908ED2D4FBF600022B673 /* FirebaseStorage */ = {
			isa = XCSwiftPackageProductDependency;
			package = 7EA908C22D4FBF600022B673 /* XCRemoteSwiftPackageReference "firebase-ios-sdk" */;
			productName = FirebaseStorage;
		};
		7EA908EF2D4FBF600022B673 /* FirebaseStorageCombine-Community */ = {
			isa = XCSwiftPackageProductDependency;
			package = 7EA908C22D4FBF600022B673 /* XCRemoteSwiftPackageReference "firebase-ios-sdk" */;
			productName = "FirebaseStorageCombine-Community";
		};
		7EA908F12D4FBF600022B673 /* FirebaseVertexAI */ = {
			isa = XCSwiftPackageProductDependency;
			package = 7EA908C22D4FBF600022B673 /* XCRemoteSwiftPackageReference "firebase-ios-sdk" */;
			productName = FirebaseVertexAI;
		};
		7EF612D12D518CC2003B1DF1 /* Kingfisher */ = {
			isa = XCSwiftPackageProductDependency;
			package = 7EF612D02D518CC2003B1DF1 /* XCRemoteSwiftPackageReference "Kingfisher" */;
			productName = Kingfisher;
		};
/* End XCSwiftPackageProductDependency section */
	};
	rootObject = 7E652CE82D0711C000137ECA /* Project object */;
}
